// !$*UTF8*$!
{
	archiveVersion = 1;
	classes = {
	};
	objectVersion = 55;
	objects = {

/* Begin PBXBuildFile section */
		17056DE5285052E800B5CCD0 /* KaKaoDataManager.swift in Sources */ = {isa = PBXBuildFile; fileRef = 17056DE4285052E800B5CCD0 /* KaKaoDataManager.swift */; };
		17056DE72850532700B5CCD0 /* KaKaoEntity.swift in Sources */ = {isa = PBXBuildFile; fileRef = 17056DE62850532700B5CCD0 /* KaKaoEntity.swift */; };
		173E1A3A28582DFC00EC7AE1 /* ImageUrl.swift in Sources */ = {isa = PBXBuildFile; fileRef = 173E1A3928582DFC00EC7AE1 /* ImageUrl.swift */; };
		1744F0C02857BF5000F6F83F /* HomeDataManager.swift in Sources */ = {isa = PBXBuildFile; fileRef = 1744F0BF2857BF5000F6F83F /* HomeDataManager.swift */; };
		1744F0C22857BF6200F6F83F /* HomeEntity.swift in Sources */ = {isa = PBXBuildFile; fileRef = 1744F0C12857BF6200F6F83F /* HomeEntity.swift */; };
		175DCE2B28372D2300AE591A /* NewsCollectionViewCell.swift in Sources */ = {isa = PBXBuildFile; fileRef = 175DCE2928372D2300AE591A /* NewsCollectionViewCell.swift */; };
		175DCE2C28372D2400AE591A /* NewsCollectionViewCell.xib in Resources */ = {isa = PBXBuildFile; fileRef = 175DCE2A28372D2300AE591A /* NewsCollectionViewCell.xib */; };
		175DCE2E28372D4700AE591A /* HeaderNewsVC.swift in Sources */ = {isa = PBXBuildFile; fileRef = 175DCE2D28372D4700AE591A /* HeaderNewsVC.swift */; };
		176B77F52851C49C00545A73 /* DaySmokeManager.swift in Sources */ = {isa = PBXBuildFile; fileRef = 176B77F42851C49C00545A73 /* DaySmokeManager.swift */; };
		176B77F72851C59000545A73 /* DaySmokeEntity.swift in Sources */ = {isa = PBXBuildFile; fileRef = 176B77F62851C59000545A73 /* DaySmokeEntity.swift */; };
		176B77F92851CE0900545A73 /* UserEntity.swift in Sources */ = {isa = PBXBuildFile; fileRef = 176B77F82851CE0900545A73 /* UserEntity.swift */; };
		176B77FB2851D6CD00545A73 /* SmokeAmount.swift in Sources */ = {isa = PBXBuildFile; fileRef = 176B77FA2851D6CD00545A73 /* SmokeAmount.swift */; };
		1787B6B328366B140033C534 /* HeaderMyPageVC.swift in Sources */ = {isa = PBXBuildFile; fileRef = 1787B6B228366B140033C534 /* HeaderMyPageVC.swift */; };
		1787B6B528366B4D0033C534 /* HeaderMyPageTableCell.swift in Sources */ = {isa = PBXBuildFile; fileRef = 1787B6B428366B4D0033C534 /* HeaderMyPageTableCell.swift */; };
		1787B6B728371FD70033C534 /* HeaderHomeVC.swift in Sources */ = {isa = PBXBuildFile; fileRef = 1787B6B628371FD70033C534 /* HeaderHomeVC.swift */; };
		17BBDF94285121A5000FF4E3 /* SmokeAmountDataManager.swift in Sources */ = {isa = PBXBuildFile; fileRef = 17BBDF93285121A5000FF4E3 /* SmokeAmountDataManager.swift */; };
		17BBDF9628512208000FF4E3 /* SmokeAmountInput.swift in Sources */ = {isa = PBXBuildFile; fileRef = 17BBDF9528512208000FF4E3 /* SmokeAmountInput.swift */; };
		17BBDF982851221C000FF4E3 /* SmokeAmountEntity.swift in Sources */ = {isa = PBXBuildFile; fileRef = 17BBDF972851221C000FF4E3 /* SmokeAmountEntity.swift */; };
		17BBDF9D285137C9000FF4E3 /* MyPageDetailVC.swift in Sources */ = {isa = PBXBuildFile; fileRef = 17BBDF9B285137C9000FF4E3 /* MyPageDetailVC.swift */; };
		17BBDF9E285137C9000FF4E3 /* MyPageDetailVC.xib in Resources */ = {isa = PBXBuildFile; fileRef = 17BBDF9C285137C9000FF4E3 /* MyPageDetailVC.xib */; };
		17F09EA52852A7890051A2D7 /* MyPageDetailDataManager.swift in Sources */ = {isa = PBXBuildFile; fileRef = 17F09EA42852A7890051A2D7 /* MyPageDetailDataManager.swift */; };
		17F09EA82852AA130051A2D7 /* MonthSmokeEntity.swift in Sources */ = {isa = PBXBuildFile; fileRef = 17F09EA72852AA130051A2D7 /* MonthSmokeEntity.swift */; };
		17F09EAA2852AA220051A2D7 /* YearSmokeEntity.swift in Sources */ = {isa = PBXBuildFile; fileRef = 17F09EA92852AA220051A2D7 /* YearSmokeEntity.swift */; };
		17F09EB22852D3290051A2D7 /* FirstSettingViewController.swift in Sources */ = {isa = PBXBuildFile; fileRef = 17F09EB02852D3290051A2D7 /* FirstSettingViewController.swift */; };
		17F09EB32852D3290051A2D7 /* FirstSettingViewController.xib in Resources */ = {isa = PBXBuildFile; fileRef = 17F09EB12852D3290051A2D7 /* FirstSettingViewController.xib */; };
		537ADC50E42182F1FE3E9829 /* Pods_Manner_SmokerTests.framework in Frameworks */ = {isa = PBXBuildFile; fileRef = 98F91CC459EF167F6FF98B7A /* Pods_Manner_SmokerTests.framework */; };
		9F170887283211DF001B4973 /* MapListView.storyboard in Resources */ = {isa = PBXBuildFile; fileRef = 9F170886283211DF001B4973 /* MapListView.storyboard */; };
		9F17088928321451001B4973 /* MapListViewController.swift in Sources */ = {isa = PBXBuildFile; fileRef = 9F17088828321451001B4973 /* MapListViewController.swift */; };
		9F17088C28321A25001B4973 /* Map.swift in Sources */ = {isa = PBXBuildFile; fileRef = 9F17088B28321A25001B4973 /* Map.swift */; };
		9F18A5FD2832234800EEF555 /* MapListViewCell.swift in Sources */ = {isa = PBXBuildFile; fileRef = 9F18A5FC2832234800EEF555 /* MapListViewCell.swift */; };
		9F206C58283D091A00568D11 /* CommunityViewController.swift in Sources */ = {isa = PBXBuildFile; fileRef = 9F206C57283D091A00568D11 /* CommunityViewController.swift */; };
		9F206C5A283D09A600568D11 /* CommunityCollectionViewCell.swift in Sources */ = {isa = PBXBuildFile; fileRef = 9F206C59283D09A600568D11 /* CommunityCollectionViewCell.swift */; };
		9F206C5C283D0D6700568D11 /* Board.storyboard in Resources */ = {isa = PBXBuildFile; fileRef = 9F206C5B283D0D6700568D11 /* Board.storyboard */; };
		9F206C7128409ACA00568D11 /* BoardViewController.swift in Sources */ = {isa = PBXBuildFile; fileRef = 9F206C7028409ACA00568D11 /* BoardViewController.swift */; };
		9F206C7328409B8500568D11 /* BoardCollectionViewCell.swift in Sources */ = {isa = PBXBuildFile; fileRef = 9F206C7228409B8500568D11 /* BoardCollectionViewCell.swift */; };
		9F206C7528409D9A00568D11 /* BoardCollectionReusableView.swift in Sources */ = {isa = PBXBuildFile; fileRef = 9F206C7428409D9A00568D11 /* BoardCollectionReusableView.swift */; };
		9F206C7B2841017700568D11 /* Write.storyboard in Resources */ = {isa = PBXBuildFile; fileRef = 9F206C7A2841017700568D11 /* Write.storyboard */; };
		9F206C7D28446F1D00568D11 /* WriteViewController.swift in Sources */ = {isa = PBXBuildFile; fileRef = 9F206C7C28446F1D00568D11 /* WriteViewController.swift */; };
		9F206C962848C7E700568D11 /* GetAllSmokeAreaRequestModel.swift in Sources */ = {isa = PBXBuildFile; fileRef = 9F206C952848C7E700568D11 /* GetAllSmokeAreaRequestModel.swift */; };
		9F206C982848CA7B00568D11 /* GetAllSmokeAreaResponseModel.swift in Sources */ = {isa = PBXBuildFile; fileRef = 9F206C972848CA7B00568D11 /* GetAllSmokeAreaResponseModel.swift */; };
		9F2A6071284E9F6900C7A253 /* MapListViewModel.swift in Sources */ = {isa = PBXBuildFile; fileRef = 9F2A6070284E9F6900C7A253 /* MapListViewModel.swift */; };
		9F2A6088284FCBB800C7A253 /* CommunityViewModel.swift in Sources */ = {isa = PBXBuildFile; fileRef = 9F2A6087284FCBB800C7A253 /* CommunityViewModel.swift */; };
		9F2A608A284FCBD000C7A253 /* CommunityManager.swift in Sources */ = {isa = PBXBuildFile; fileRef = 9F2A6089284FCBD000C7A253 /* CommunityManager.swift */; };
		9F2A608C284FCC0600C7A253 /* GetPostReadAllResponseModel.swift in Sources */ = {isa = PBXBuildFile; fileRef = 9F2A608B284FCC0600C7A253 /* GetPostReadAllResponseModel.swift */; };
		9F2A608E284FCCEC00C7A253 /* GetPostReadAllRequestModel.swift in Sources */ = {isa = PBXBuildFile; fileRef = 9F2A608D284FCCEC00C7A253 /* GetPostReadAllRequestModel.swift */; };
		9F2A6095284FEF4600C7A253 /* CreateRequestModel.swift in Sources */ = {isa = PBXBuildFile; fileRef = 9F2A6094284FEF4600C7A253 /* CreateRequestModel.swift */; };
		9F2A6099284FF2D200C7A253 /* CreateResponseModel.swift in Sources */ = {isa = PBXBuildFile; fileRef = 9F2A6098284FF2D200C7A253 /* CreateResponseModel.swift */; };
		9F2A609D28502D8100C7A253 /* GetReplyReadAllRequestModel.swift in Sources */ = {isa = PBXBuildFile; fileRef = 9F2A609C28502D8100C7A253 /* GetReplyReadAllRequestModel.swift */; };
		9F2A609F2850319800C7A253 /* GetReplyRaedAllResponseModel.swift in Sources */ = {isa = PBXBuildFile; fileRef = 9F2A609E2850319800C7A253 /* GetReplyRaedAllResponseModel.swift */; };
		9F2A60A22850399900C7A253 /* BoardViewModel.swift in Sources */ = {isa = PBXBuildFile; fileRef = 9F2A60A12850399900C7A253 /* BoardViewModel.swift */; };
		9F2DCE4F27F996630082D89E /* SearchLoactionWithAddressResponseModel.swift in Sources */ = {isa = PBXBuildFile; fileRef = 9F2DCE4E27F996630082D89E /* SearchLoactionWithAddressResponseModel.swift */; };
		9F84728727EB123E007461FA /* AppDelegate.swift in Sources */ = {isa = PBXBuildFile; fileRef = 9F84728627EB123E007461FA /* AppDelegate.swift */; };
		9F84728927EB123E007461FA /* SceneDelegate.swift in Sources */ = {isa = PBXBuildFile; fileRef = 9F84728827EB123E007461FA /* SceneDelegate.swift */; };
		9F84728B27EB123E007461FA /* ViewController.swift in Sources */ = {isa = PBXBuildFile; fileRef = 9F84728A27EB123E007461FA /* ViewController.swift */; };
		9F84728E27EB123E007461FA /* Main.storyboard in Resources */ = {isa = PBXBuildFile; fileRef = 9F84728C27EB123E007461FA /* Main.storyboard */; };
		9F84729027EB123F007461FA /* Assets.xcassets in Resources */ = {isa = PBXBuildFile; fileRef = 9F84728F27EB123F007461FA /* Assets.xcassets */; };
		9F84729327EB123F007461FA /* LaunchScreen.storyboard in Resources */ = {isa = PBXBuildFile; fileRef = 9F84729127EB123F007461FA /* LaunchScreen.storyboard */; };
		9F84729E27EB123F007461FA /* Manner_SmokerTests.swift in Sources */ = {isa = PBXBuildFile; fileRef = 9F84729D27EB123F007461FA /* Manner_SmokerTests.swift */; };
		9F8472A827EB123F007461FA /* Manner_SmokerUITests.swift in Sources */ = {isa = PBXBuildFile; fileRef = 9F8472A727EB123F007461FA /* Manner_SmokerUITests.swift */; };
		9F8472AA27EB123F007461FA /* Manner_SmokerUITestsLaunchTests.swift in Sources */ = {isa = PBXBuildFile; fileRef = 9F8472A927EB123F007461FA /* Manner_SmokerUITestsLaunchTests.swift */; };
		9F8472BF27EB1F42007461FA /* HeaderMap.storyboard in Resources */ = {isa = PBXBuildFile; fileRef = 9F8472BE27EB1F42007461FA /* HeaderMap.storyboard */; };
		9F8472C127EB20D1007461FA /* HeaderHome.storyboard in Resources */ = {isa = PBXBuildFile; fileRef = 9F8472C027EB20D1007461FA /* HeaderHome.storyboard */; };
		9F8472C327EB2135007461FA /* HeaderLogin.storyboard in Resources */ = {isa = PBXBuildFile; fileRef = 9F8472C227EB2135007461FA /* HeaderLogin.storyboard */; };
		9F8472C527EB213E007461FA /* HeaderNews.storyboard in Resources */ = {isa = PBXBuildFile; fileRef = 9F8472C427EB213E007461FA /* HeaderNews.storyboard */; };
		9F8472C727EB2154007461FA /* HeaderMyPage.storyboard in Resources */ = {isa = PBXBuildFile; fileRef = 9F8472C627EB2154007461FA /* HeaderMyPage.storyboard */; };
		9F8472C927EB25E8007461FA /* HeaderCommunity.storyboard in Resources */ = {isa = PBXBuildFile; fileRef = 9F8472C827EB25E8007461FA /* HeaderCommunity.storyboard */; };
		9F8472CB27EB3125007461FA /* LoginViewController.swift in Sources */ = {isa = PBXBuildFile; fileRef = 9F8472CA27EB3125007461FA /* LoginViewController.swift */; };
		9F84730927EB43E7007461FA /* TabBarController.swift in Sources */ = {isa = PBXBuildFile; fileRef = 9F84730827EB43E7007461FA /* TabBarController.swift */; };
		9F8478A427F30077007461FA /* SystemConfiguration.framework in Frameworks */ = {isa = PBXBuildFile; fileRef = 9F8478A327F30077007461FA /* SystemConfiguration.framework */; };
		9F8478A627F30086007461FA /* CoreLocation.framework in Frameworks */ = {isa = PBXBuildFile; fileRef = 9F8478A527F30086007461FA /* CoreLocation.framework */; };
		9F8478A827F30091007461FA /* QuartzCore.framework in Frameworks */ = {isa = PBXBuildFile; fileRef = 9F8478A727F30091007461FA /* QuartzCore.framework */; };
		9F84798627F31505007461FA /* Metal.framework in Frameworks */ = {isa = PBXBuildFile; fileRef = 9F84798527F31505007461FA /* Metal.framework */; };
		9F84798727F31511007461FA /* libc++.tbd in Frameworks */ = {isa = PBXBuildFile; fileRef = 9F8478A927F300A3007461FA /* libc++.tbd */; };
		9F84798827F3151C007461FA /* libxml2.tbd in Frameworks */ = {isa = PBXBuildFile; fileRef = 9F8478AA27F300AD007461FA /* libxml2.tbd */; };
		9F84798927F31522007461FA /* libsqlite3.tbd in Frameworks */ = {isa = PBXBuildFile; fileRef = 9F8478AB27F300B6007461FA /* libsqlite3.tbd */; };
		9F84798B27F3159F007461FA /* MapViewController.swift in Sources */ = {isa = PBXBuildFile; fileRef = 9F84798A27F3159F007461FA /* MapViewController.swift */; };
		9F847A3927F5E616007461FA /* DaumMap.framework in Frameworks */ = {isa = PBXBuildFile; fileRef = 9F8479EA27F472AE007461FA /* DaumMap.framework */; };
		9F847AC627F98B17007461FA /* MapManager.swift in Sources */ = {isa = PBXBuildFile; fileRef = 9F847AC527F98B17007461FA /* MapManager.swift */; };
		9F847AC827F98C42007461FA /* SearchLoactionWithAddressRequestModel.swift in Sources */ = {isa = PBXBuildFile; fileRef = 9F847AC727F98C42007461FA /* SearchLoactionWithAddressRequestModel.swift */; };
		9F847ACD27F9944A007461FA /* Constants.swift in Sources */ = {isa = PBXBuildFile; fileRef = 9F847ACC27F9944A007461FA /* Constants.swift */; };
		9F84EFB628522D5B0040BA43 /* CreateReplyRequestModel.swift in Sources */ = {isa = PBXBuildFile; fileRef = 9F84EFB528522D5B0040BA43 /* CreateReplyRequestModel.swift */; };
		9F84EFB8285230DC0040BA43 /* CreateReplyResponseModel.swift in Sources */ = {isa = PBXBuildFile; fileRef = 9F84EFB7285230DC0040BA43 /* CreateReplyResponseModel.swift */; };
		9F84EFBA285290470040BA43 /* DeleteReplyRequestModel.swift in Sources */ = {isa = PBXBuildFile; fileRef = 9F84EFB9285290470040BA43 /* DeleteReplyRequestModel.swift */; };
		9F84EFBC2852917A0040BA43 /* DeleteReplyResponseModel.swift in Sources */ = {isa = PBXBuildFile; fileRef = 9F84EFBB2852917A0040BA43 /* DeleteReplyResponseModel.swift */; };
		9F84EFBE28529FCF0040BA43 /* DeletePostRequestModel.swift in Sources */ = {isa = PBXBuildFile; fileRef = 9F84EFBD28529FCF0040BA43 /* DeletePostRequestModel.swift */; };
		9F84EFC02852A0770040BA43 /* DeletePostResponseModel.swift in Sources */ = {isa = PBXBuildFile; fileRef = 9F84EFBF2852A0770040BA43 /* DeletePostResponseModel.swift */; };
		9F84EFC22852A5730040BA43 /* UpdatePostRequestModel.swift in Sources */ = {isa = PBXBuildFile; fileRef = 9F84EFC12852A5730040BA43 /* UpdatePostRequestModel.swift */; };
		9F84EFC42852A8780040BA43 /* UpdatePostResponseModel.swift in Sources */ = {isa = PBXBuildFile; fileRef = 9F84EFC32852A8780040BA43 /* UpdatePostResponseModel.swift */; };
		9F84EFC62852B4320040BA43 /* GetPostReadOneRequestModel.swift in Sources */ = {isa = PBXBuildFile; fileRef = 9F84EFC52852B4320040BA43 /* GetPostReadOneRequestModel.swift */; };
		9F84EFC82852B49F0040BA43 /* GetPostReadOneResponseModel.swift in Sources */ = {isa = PBXBuildFile; fileRef = 9F84EFC72852B49F0040BA43 /* GetPostReadOneResponseModel.swift */; };
		9FC560F527FC19EF00592B47 /* map_pinup_custom@3x.png in Resources */ = {isa = PBXBuildFile; fileRef = 9FC560DA27FC19EF00592B47 /* map_pinup_custom@3x.png */; };
		9FC560F627FC19EF00592B47 /* map_pin_custom.png in Resources */ = {isa = PBXBuildFile; fileRef = 9FC560DB27FC19EF00592B47 /* map_pin_custom.png */; };
		9FC560F727FC19EF00592B47 /* shadow_balloon.png in Resources */ = {isa = PBXBuildFile; fileRef = 9FC560DC27FC19EF00592B47 /* shadow_balloon.png */; };
		9FC560F827FC19EF00592B47 /* map_pinup.png in Resources */ = {isa = PBXBuildFile; fileRef = 9FC560DD27FC19EF00592B47 /* map_pinup.png */; };
		9FC560F927FC19EF00592B47 /* detail_button.png in Resources */ = {isa = PBXBuildFile; fileRef = 9FC560DE27FC19EF00592B47 /* detail_button.png */; };
		9FC560FA27FC19EF00592B47 /* map_pin_custom@3x.png in Resources */ = {isa = PBXBuildFile; fileRef = 9FC560DF27FC19EF00592B47 /* map_pin_custom@3x.png */; };
		9FC560FB27FC19EF00592B47 /* map_pinup@3x.png in Resources */ = {isa = PBXBuildFile; fileRef = 9FC560E027FC19EF00592B47 /* map_pinup@3x.png */; };
		9FC560FC27FC19EF00592B47 /* map_pin_shadow@3x.png in Resources */ = {isa = PBXBuildFile; fileRef = 9FC560E127FC19EF00592B47 /* map_pin_shadow@3x.png */; };
		9FC560FD27FC19EF00592B47 /* copyright.png in Resources */ = {isa = PBXBuildFile; fileRef = 9FC560E227FC19EF00592B47 /* copyright.png */; };
		9FC560FE27FC19EF00592B47 /* th_line.png in Resources */ = {isa = PBXBuildFile; fileRef = 9FC560E327FC19EF00592B47 /* th_line.png */; };
		9FC560FF27FC19EF00592B47 /* map_pin_red@3x.png in Resources */ = {isa = PBXBuildFile; fileRef = 9FC560E427FC19EF00592B47 /* map_pin_red@3x.png */; };
		9FC5610027FC19EF00592B47 /* daum_copyright.png in Resources */ = {isa = PBXBuildFile; fileRef = 9FC560E527FC19EF00592B47 /* daum_copyright.png */; };
		9FC5610127FC19EF00592B47 /* map_pin@3x.png in Resources */ = {isa = PBXBuildFile; fileRef = 9FC560E627FC19EF00592B47 /* map_pin@3x.png */; };
		9FC5610227FC19EF00592B47 /* map_present_tracking.png in Resources */ = {isa = PBXBuildFile; fileRef = 9FC560E727FC19EF00592B47 /* map_present_tracking.png */; };
		9FC5610327FC19EF00592B47 /* map_pin_red.png in Resources */ = {isa = PBXBuildFile; fileRef = 9FC560E827FC19EF00592B47 /* map_pin_red.png */; };
		9FC5610427FC19EF00592B47 /* info_box.png in Resources */ = {isa = PBXBuildFile; fileRef = 9FC560E927FC19EF00592B47 /* info_box.png */; };
		9FC5610527FC19EF00592B47 /* point_sprite.png in Resources */ = {isa = PBXBuildFile; fileRef = 9FC560EA27FC19EF00592B47 /* point_sprite.png */; };
		9FC5610627FC19EF00592B47 /* map_pinup_custom.png in Resources */ = {isa = PBXBuildFile; fileRef = 9FC560EB27FC19EF00592B47 /* map_pinup_custom.png */; };
		9FC5610727FC19EF00592B47 /* info_box_tail.png in Resources */ = {isa = PBXBuildFile; fileRef = 9FC560EC27FC19EF00592B47 /* info_box_tail.png */; };
		9FC5610827FC19EF00592B47 /* noimage256.png in Resources */ = {isa = PBXBuildFile; fileRef = 9FC560ED27FC19EF00592B47 /* noimage256.png */; };
		9FC5610927FC19EF00592B47 /* map_present_direction.png in Resources */ = {isa = PBXBuildFile; fileRef = 9FC560EE27FC19EF00592B47 /* map_present_direction.png */; };
		9FC5610A27FC19EF00592B47 /* map_pin.png in Resources */ = {isa = PBXBuildFile; fileRef = 9FC560EF27FC19EF00592B47 /* map_pin.png */; };
		9FC5610B27FC19EF00592B47 /* map_present.png in Resources */ = {isa = PBXBuildFile; fileRef = 9FC560F027FC19EF00592B47 /* map_present.png */; };
		9FC5610C27FC19EF00592B47 /* noimage.png in Resources */ = {isa = PBXBuildFile; fileRef = 9FC560F127FC19EF00592B47 /* noimage.png */; };
		9FC5610D27FC19EF00592B47 /* map_present_background_update.png in Resources */ = {isa = PBXBuildFile; fileRef = 9FC560F227FC19EF00592B47 /* map_present_background_update.png */; };
		9FC5610E27FC19EF00592B47 /* daum_th_line.png in Resources */ = {isa = PBXBuildFile; fileRef = 9FC560F327FC19EF00592B47 /* daum_th_line.png */; };
		9FC5610F27FC19EF00592B47 /* map_pin_shadow.png in Resources */ = {isa = PBXBuildFile; fileRef = 9FC560F427FC19EF00592B47 /* map_pin_shadow.png */; };
		EB0E89EB5A9F989A77E91549 /* Pods_Manner_Smoker.framework in Frameworks */ = {isa = PBXBuildFile; fileRef = 5D9BD5141F30F2AE6308A740 /* Pods_Manner_Smoker.framework */; };
		EF70BEF256D278FE7EE52295 /* Pods_Manner_Smoker_Manner_SmokerUITests.framework in Frameworks */ = {isa = PBXBuildFile; fileRef = CEF4BD7595DC936761BA33E4 /* Pods_Manner_Smoker_Manner_SmokerUITests.framework */; };
/* End PBXBuildFile section */

/* Begin PBXContainerItemProxy section */
		9F84729A27EB123F007461FA /* PBXContainerItemProxy */ = {
			isa = PBXContainerItemProxy;
			containerPortal = 9F84727B27EB123E007461FA /* Project object */;
			proxyType = 1;
			remoteGlobalIDString = 9F84728227EB123E007461FA;
			remoteInfo = "Manner-Smoker";
		};
		9F8472A427EB123F007461FA /* PBXContainerItemProxy */ = {
			isa = PBXContainerItemProxy;
			containerPortal = 9F84727B27EB123E007461FA /* Project object */;
			proxyType = 1;
			remoteGlobalIDString = 9F84728227EB123E007461FA;
			remoteInfo = "Manner-Smoker";
		};
/* End PBXContainerItemProxy section */

/* Begin PBXFileReference section */
		0A39028D3BD1C3C5372CCCD5 /* Pods-Manner-Smoker-Manner-SmokerUITests.release.xcconfig */ = {isa = PBXFileReference; includeInIndex = 1; lastKnownFileType = text.xcconfig; name = "Pods-Manner-Smoker-Manner-SmokerUITests.release.xcconfig"; path = "Target Support Files/Pods-Manner-Smoker-Manner-SmokerUITests/Pods-Manner-Smoker-Manner-SmokerUITests.release.xcconfig"; sourceTree = "<group>"; };
		0DE48839540DDC030D6C541A /* Pods-Manner-Smoker.debug.xcconfig */ = {isa = PBXFileReference; includeInIndex = 1; lastKnownFileType = text.xcconfig; name = "Pods-Manner-Smoker.debug.xcconfig"; path = "Target Support Files/Pods-Manner-Smoker/Pods-Manner-Smoker.debug.xcconfig"; sourceTree = "<group>"; };
		141D10CE97E9A0D582413A65 /* Pods-Manner-SmokerTests.release.xcconfig */ = {isa = PBXFileReference; includeInIndex = 1; lastKnownFileType = text.xcconfig; name = "Pods-Manner-SmokerTests.release.xcconfig"; path = "Target Support Files/Pods-Manner-SmokerTests/Pods-Manner-SmokerTests.release.xcconfig"; sourceTree = "<group>"; };
		17056DE4285052E800B5CCD0 /* KaKaoDataManager.swift */ = {isa = PBXFileReference; lastKnownFileType = sourcecode.swift; path = KaKaoDataManager.swift; sourceTree = "<group>"; };
		17056DE62850532700B5CCD0 /* KaKaoEntity.swift */ = {isa = PBXFileReference; lastKnownFileType = sourcecode.swift; path = KaKaoEntity.swift; sourceTree = "<group>"; };
		173E1A3928582DFC00EC7AE1 /* ImageUrl.swift */ = {isa = PBXFileReference; lastKnownFileType = sourcecode.swift; path = ImageUrl.swift; sourceTree = "<group>"; };
		1744F0BF2857BF5000F6F83F /* HomeDataManager.swift */ = {isa = PBXFileReference; lastKnownFileType = sourcecode.swift; path = HomeDataManager.swift; sourceTree = "<group>"; };
		1744F0C12857BF6200F6F83F /* HomeEntity.swift */ = {isa = PBXFileReference; lastKnownFileType = sourcecode.swift; path = HomeEntity.swift; sourceTree = "<group>"; };
		175DCE2928372D2300AE591A /* NewsCollectionViewCell.swift */ = {isa = PBXFileReference; lastKnownFileType = sourcecode.swift; path = NewsCollectionViewCell.swift; sourceTree = "<group>"; };
		175DCE2A28372D2300AE591A /* NewsCollectionViewCell.xib */ = {isa = PBXFileReference; lastKnownFileType = file.xib; path = NewsCollectionViewCell.xib; sourceTree = "<group>"; };
		175DCE2D28372D4700AE591A /* HeaderNewsVC.swift */ = {isa = PBXFileReference; lastKnownFileType = sourcecode.swift; path = HeaderNewsVC.swift; sourceTree = "<group>"; };
		176B77F42851C49C00545A73 /* DaySmokeManager.swift */ = {isa = PBXFileReference; lastKnownFileType = sourcecode.swift; path = DaySmokeManager.swift; sourceTree = "<group>"; };
		176B77F62851C59000545A73 /* DaySmokeEntity.swift */ = {isa = PBXFileReference; lastKnownFileType = sourcecode.swift; path = DaySmokeEntity.swift; sourceTree = "<group>"; };
		176B77F82851CE0900545A73 /* UserEntity.swift */ = {isa = PBXFileReference; lastKnownFileType = sourcecode.swift; path = UserEntity.swift; sourceTree = "<group>"; };
		176B77FA2851D6CD00545A73 /* SmokeAmount.swift */ = {isa = PBXFileReference; lastKnownFileType = sourcecode.swift; path = SmokeAmount.swift; sourceTree = "<group>"; };
		1787B6B228366B140033C534 /* HeaderMyPageVC.swift */ = {isa = PBXFileReference; lastKnownFileType = sourcecode.swift; path = HeaderMyPageVC.swift; sourceTree = "<group>"; };
		1787B6B428366B4D0033C534 /* HeaderMyPageTableCell.swift */ = {isa = PBXFileReference; lastKnownFileType = sourcecode.swift; path = HeaderMyPageTableCell.swift; sourceTree = "<group>"; };
		1787B6B628371FD70033C534 /* HeaderHomeVC.swift */ = {isa = PBXFileReference; lastKnownFileType = sourcecode.swift; path = HeaderHomeVC.swift; sourceTree = "<group>"; };
		17BBDF93285121A5000FF4E3 /* SmokeAmountDataManager.swift */ = {isa = PBXFileReference; lastKnownFileType = sourcecode.swift; path = SmokeAmountDataManager.swift; sourceTree = "<group>"; };
		17BBDF9528512208000FF4E3 /* SmokeAmountInput.swift */ = {isa = PBXFileReference; lastKnownFileType = sourcecode.swift; path = SmokeAmountInput.swift; sourceTree = "<group>"; };
		17BBDF972851221C000FF4E3 /* SmokeAmountEntity.swift */ = {isa = PBXFileReference; lastKnownFileType = sourcecode.swift; path = SmokeAmountEntity.swift; sourceTree = "<group>"; };
		17BBDF9B285137C9000FF4E3 /* MyPageDetailVC.swift */ = {isa = PBXFileReference; lastKnownFileType = sourcecode.swift; path = MyPageDetailVC.swift; sourceTree = "<group>"; };
		17BBDF9C285137C9000FF4E3 /* MyPageDetailVC.xib */ = {isa = PBXFileReference; lastKnownFileType = file.xib; path = MyPageDetailVC.xib; sourceTree = "<group>"; };
		17F09EA42852A7890051A2D7 /* MyPageDetailDataManager.swift */ = {isa = PBXFileReference; lastKnownFileType = sourcecode.swift; path = MyPageDetailDataManager.swift; sourceTree = "<group>"; };
		17F09EA72852AA130051A2D7 /* MonthSmokeEntity.swift */ = {isa = PBXFileReference; lastKnownFileType = sourcecode.swift; path = MonthSmokeEntity.swift; sourceTree = "<group>"; };
		17F09EA92852AA220051A2D7 /* YearSmokeEntity.swift */ = {isa = PBXFileReference; lastKnownFileType = sourcecode.swift; path = YearSmokeEntity.swift; sourceTree = "<group>"; };
		17F09EB02852D3290051A2D7 /* FirstSettingViewController.swift */ = {isa = PBXFileReference; lastKnownFileType = sourcecode.swift; path = FirstSettingViewController.swift; sourceTree = "<group>"; };
		17F09EB12852D3290051A2D7 /* FirstSettingViewController.xib */ = {isa = PBXFileReference; lastKnownFileType = file.xib; path = FirstSettingViewController.xib; sourceTree = "<group>"; };
		5D9BD5141F30F2AE6308A740 /* Pods_Manner_Smoker.framework */ = {isa = PBXFileReference; explicitFileType = wrapper.framework; includeInIndex = 0; path = Pods_Manner_Smoker.framework; sourceTree = BUILT_PRODUCTS_DIR; };
		98F91CC459EF167F6FF98B7A /* Pods_Manner_SmokerTests.framework */ = {isa = PBXFileReference; explicitFileType = wrapper.framework; includeInIndex = 0; path = Pods_Manner_SmokerTests.framework; sourceTree = BUILT_PRODUCTS_DIR; };
		99F89CD0B9FAD3644E3C4F65 /* Pods-Manner-SmokerTests.debug.xcconfig */ = {isa = PBXFileReference; includeInIndex = 1; lastKnownFileType = text.xcconfig; name = "Pods-Manner-SmokerTests.debug.xcconfig"; path = "Target Support Files/Pods-Manner-SmokerTests/Pods-Manner-SmokerTests.debug.xcconfig"; sourceTree = "<group>"; };
		9F170886283211DF001B4973 /* MapListView.storyboard */ = {isa = PBXFileReference; lastKnownFileType = file.storyboard; path = MapListView.storyboard; sourceTree = "<group>"; };
		9F17088828321451001B4973 /* MapListViewController.swift */ = {isa = PBXFileReference; lastKnownFileType = sourcecode.swift; path = MapListViewController.swift; sourceTree = "<group>"; };
		9F17088B28321A25001B4973 /* Map.swift */ = {isa = PBXFileReference; lastKnownFileType = sourcecode.swift; path = Map.swift; sourceTree = "<group>"; };
		9F18A5FC2832234800EEF555 /* MapListViewCell.swift */ = {isa = PBXFileReference; lastKnownFileType = sourcecode.swift; path = MapListViewCell.swift; sourceTree = "<group>"; };
		9F206C57283D091A00568D11 /* CommunityViewController.swift */ = {isa = PBXFileReference; lastKnownFileType = sourcecode.swift; path = CommunityViewController.swift; sourceTree = "<group>"; };
		9F206C59283D09A600568D11 /* CommunityCollectionViewCell.swift */ = {isa = PBXFileReference; lastKnownFileType = sourcecode.swift; path = CommunityCollectionViewCell.swift; sourceTree = "<group>"; };
		9F206C5B283D0D6700568D11 /* Board.storyboard */ = {isa = PBXFileReference; lastKnownFileType = file.storyboard; path = Board.storyboard; sourceTree = "<group>"; };
		9F206C7028409ACA00568D11 /* BoardViewController.swift */ = {isa = PBXFileReference; lastKnownFileType = sourcecode.swift; path = BoardViewController.swift; sourceTree = "<group>"; };
		9F206C7228409B8500568D11 /* BoardCollectionViewCell.swift */ = {isa = PBXFileReference; lastKnownFileType = sourcecode.swift; path = BoardCollectionViewCell.swift; sourceTree = "<group>"; };
		9F206C7428409D9A00568D11 /* BoardCollectionReusableView.swift */ = {isa = PBXFileReference; lastKnownFileType = sourcecode.swift; path = BoardCollectionReusableView.swift; sourceTree = "<group>"; };
		9F206C7A2841017700568D11 /* Write.storyboard */ = {isa = PBXFileReference; lastKnownFileType = file.storyboard; path = Write.storyboard; sourceTree = "<group>"; };
		9F206C7C28446F1D00568D11 /* WriteViewController.swift */ = {isa = PBXFileReference; lastKnownFileType = sourcecode.swift; path = WriteViewController.swift; sourceTree = "<group>"; };
		9F206C952848C7E700568D11 /* GetAllSmokeAreaRequestModel.swift */ = {isa = PBXFileReference; lastKnownFileType = sourcecode.swift; path = GetAllSmokeAreaRequestModel.swift; sourceTree = "<group>"; };
		9F206C972848CA7B00568D11 /* GetAllSmokeAreaResponseModel.swift */ = {isa = PBXFileReference; lastKnownFileType = sourcecode.swift; path = GetAllSmokeAreaResponseModel.swift; sourceTree = "<group>"; };
		9F2A6070284E9F6900C7A253 /* MapListViewModel.swift */ = {isa = PBXFileReference; lastKnownFileType = sourcecode.swift; path = MapListViewModel.swift; sourceTree = "<group>"; };
		9F2A6087284FCBB800C7A253 /* CommunityViewModel.swift */ = {isa = PBXFileReference; lastKnownFileType = sourcecode.swift; path = CommunityViewModel.swift; sourceTree = "<group>"; };
		9F2A6089284FCBD000C7A253 /* CommunityManager.swift */ = {isa = PBXFileReference; lastKnownFileType = sourcecode.swift; path = CommunityManager.swift; sourceTree = "<group>"; };
		9F2A608B284FCC0600C7A253 /* GetPostReadAllResponseModel.swift */ = {isa = PBXFileReference; lastKnownFileType = sourcecode.swift; path = GetPostReadAllResponseModel.swift; sourceTree = "<group>"; };
		9F2A608D284FCCEC00C7A253 /* GetPostReadAllRequestModel.swift */ = {isa = PBXFileReference; lastKnownFileType = sourcecode.swift; path = GetPostReadAllRequestModel.swift; sourceTree = "<group>"; };
		9F2A6094284FEF4600C7A253 /* CreateRequestModel.swift */ = {isa = PBXFileReference; lastKnownFileType = sourcecode.swift; path = CreateRequestModel.swift; sourceTree = "<group>"; };
		9F2A6098284FF2D200C7A253 /* CreateResponseModel.swift */ = {isa = PBXFileReference; lastKnownFileType = sourcecode.swift; path = CreateResponseModel.swift; sourceTree = "<group>"; };
		9F2A609C28502D8100C7A253 /* GetReplyReadAllRequestModel.swift */ = {isa = PBXFileReference; lastKnownFileType = sourcecode.swift; path = GetReplyReadAllRequestModel.swift; sourceTree = "<group>"; };
		9F2A609E2850319800C7A253 /* GetReplyRaedAllResponseModel.swift */ = {isa = PBXFileReference; lastKnownFileType = sourcecode.swift; path = GetReplyRaedAllResponseModel.swift; sourceTree = "<group>"; };
		9F2A60A12850399900C7A253 /* BoardViewModel.swift */ = {isa = PBXFileReference; lastKnownFileType = sourcecode.swift; path = BoardViewModel.swift; sourceTree = "<group>"; };
		9F2DCE4E27F996630082D89E /* SearchLoactionWithAddressResponseModel.swift */ = {isa = PBXFileReference; lastKnownFileType = sourcecode.swift; path = SearchLoactionWithAddressResponseModel.swift; sourceTree = "<group>"; };
		9F84728327EB123E007461FA /* Manner-Smoker.app */ = {isa = PBXFileReference; explicitFileType = wrapper.application; includeInIndex = 0; path = "Manner-Smoker.app"; sourceTree = BUILT_PRODUCTS_DIR; };
		9F84728627EB123E007461FA /* AppDelegate.swift */ = {isa = PBXFileReference; lastKnownFileType = sourcecode.swift; path = AppDelegate.swift; sourceTree = "<group>"; };
		9F84728827EB123E007461FA /* SceneDelegate.swift */ = {isa = PBXFileReference; lastKnownFileType = sourcecode.swift; path = SceneDelegate.swift; sourceTree = "<group>"; };
		9F84728A27EB123E007461FA /* ViewController.swift */ = {isa = PBXFileReference; lastKnownFileType = sourcecode.swift; path = ViewController.swift; sourceTree = "<group>"; };
		9F84728D27EB123E007461FA /* Base */ = {isa = PBXFileReference; lastKnownFileType = file.storyboard; name = Base; path = Base.lproj/Main.storyboard; sourceTree = "<group>"; };
		9F84728F27EB123F007461FA /* Assets.xcassets */ = {isa = PBXFileReference; lastKnownFileType = folder.assetcatalog; path = Assets.xcassets; sourceTree = "<group>"; };
		9F84729227EB123F007461FA /* Base */ = {isa = PBXFileReference; lastKnownFileType = file.storyboard; name = Base; path = Base.lproj/LaunchScreen.storyboard; sourceTree = "<group>"; };
		9F84729427EB123F007461FA /* Info.plist */ = {isa = PBXFileReference; lastKnownFileType = text.plist.xml; path = Info.plist; sourceTree = "<group>"; };
		9F84729927EB123F007461FA /* Manner-SmokerTests.xctest */ = {isa = PBXFileReference; explicitFileType = wrapper.cfbundle; includeInIndex = 0; path = "Manner-SmokerTests.xctest"; sourceTree = BUILT_PRODUCTS_DIR; };
		9F84729D27EB123F007461FA /* Manner_SmokerTests.swift */ = {isa = PBXFileReference; lastKnownFileType = sourcecode.swift; path = Manner_SmokerTests.swift; sourceTree = "<group>"; };
		9F8472A327EB123F007461FA /* Manner-SmokerUITests.xctest */ = {isa = PBXFileReference; explicitFileType = wrapper.cfbundle; includeInIndex = 0; path = "Manner-SmokerUITests.xctest"; sourceTree = BUILT_PRODUCTS_DIR; };
		9F8472A727EB123F007461FA /* Manner_SmokerUITests.swift */ = {isa = PBXFileReference; lastKnownFileType = sourcecode.swift; path = Manner_SmokerUITests.swift; sourceTree = "<group>"; };
		9F8472A927EB123F007461FA /* Manner_SmokerUITestsLaunchTests.swift */ = {isa = PBXFileReference; lastKnownFileType = sourcecode.swift; path = Manner_SmokerUITestsLaunchTests.swift; sourceTree = "<group>"; };
		9F8472BE27EB1F42007461FA /* HeaderMap.storyboard */ = {isa = PBXFileReference; lastKnownFileType = file.storyboard; path = HeaderMap.storyboard; sourceTree = "<group>"; };
		9F8472C027EB20D1007461FA /* HeaderHome.storyboard */ = {isa = PBXFileReference; lastKnownFileType = file.storyboard; path = HeaderHome.storyboard; sourceTree = "<group>"; };
		9F8472C227EB2135007461FA /* HeaderLogin.storyboard */ = {isa = PBXFileReference; lastKnownFileType = file.storyboard; path = HeaderLogin.storyboard; sourceTree = "<group>"; };
		9F8472C427EB213E007461FA /* HeaderNews.storyboard */ = {isa = PBXFileReference; lastKnownFileType = file.storyboard; path = HeaderNews.storyboard; sourceTree = "<group>"; };
		9F8472C627EB2154007461FA /* HeaderMyPage.storyboard */ = {isa = PBXFileReference; lastKnownFileType = file.storyboard; path = HeaderMyPage.storyboard; sourceTree = "<group>"; };
		9F8472C827EB25E8007461FA /* HeaderCommunity.storyboard */ = {isa = PBXFileReference; lastKnownFileType = file.storyboard; path = HeaderCommunity.storyboard; sourceTree = "<group>"; };
		9F8472CA27EB3125007461FA /* LoginViewController.swift */ = {isa = PBXFileReference; lastKnownFileType = sourcecode.swift; path = LoginViewController.swift; sourceTree = "<group>"; };
		9F84730827EB43E7007461FA /* TabBarController.swift */ = {isa = PBXFileReference; lastKnownFileType = sourcecode.swift; path = TabBarController.swift; sourceTree = "<group>"; };
		9F8478A327F30077007461FA /* SystemConfiguration.framework */ = {isa = PBXFileReference; lastKnownFileType = wrapper.framework; name = SystemConfiguration.framework; path = System/Library/Frameworks/SystemConfiguration.framework; sourceTree = SDKROOT; };
		9F8478A527F30086007461FA /* CoreLocation.framework */ = {isa = PBXFileReference; lastKnownFileType = wrapper.framework; name = CoreLocation.framework; path = System/Library/Frameworks/CoreLocation.framework; sourceTree = SDKROOT; };
		9F8478A727F30091007461FA /* QuartzCore.framework */ = {isa = PBXFileReference; lastKnownFileType = wrapper.framework; name = QuartzCore.framework; path = System/Library/Frameworks/QuartzCore.framework; sourceTree = SDKROOT; };
		9F8478A927F300A3007461FA /* libc++.tbd */ = {isa = PBXFileReference; lastKnownFileType = "sourcecode.text-based-dylib-definition"; name = "libc++.tbd"; path = "usr/lib/libc++.tbd"; sourceTree = SDKROOT; };
		9F8478AA27F300AD007461FA /* libxml2.tbd */ = {isa = PBXFileReference; lastKnownFileType = "sourcecode.text-based-dylib-definition"; name = libxml2.tbd; path = usr/lib/libxml2.tbd; sourceTree = SDKROOT; };
		9F8478AB27F300B6007461FA /* libsqlite3.tbd */ = {isa = PBXFileReference; lastKnownFileType = "sourcecode.text-based-dylib-definition"; name = libsqlite3.tbd; path = usr/lib/libsqlite3.tbd; sourceTree = SDKROOT; };
		9F84798527F31505007461FA /* Metal.framework */ = {isa = PBXFileReference; lastKnownFileType = wrapper.framework; name = Metal.framework; path = System/Library/Frameworks/Metal.framework; sourceTree = SDKROOT; };
		9F84798A27F3159F007461FA /* MapViewController.swift */ = {isa = PBXFileReference; lastKnownFileType = sourcecode.swift; path = MapViewController.swift; sourceTree = "<group>"; };
		9F8479D227F31E3B007461FA /* Kakao-Map-Bridge-Header.h */ = {isa = PBXFileReference; lastKnownFileType = sourcecode.c.h; path = "Kakao-Map-Bridge-Header.h"; sourceTree = "<group>"; };
		9F8479EA27F472AE007461FA /* DaumMap.framework */ = {isa = PBXFileReference; lastKnownFileType = wrapper.framework; path = DaumMap.framework; sourceTree = "<group>"; };
		9F847AC527F98B17007461FA /* MapManager.swift */ = {isa = PBXFileReference; lastKnownFileType = sourcecode.swift; path = MapManager.swift; sourceTree = "<group>"; };
		9F847AC727F98C42007461FA /* SearchLoactionWithAddressRequestModel.swift */ = {isa = PBXFileReference; lastKnownFileType = sourcecode.swift; path = SearchLoactionWithAddressRequestModel.swift; sourceTree = "<group>"; };
		9F847ACC27F9944A007461FA /* Constants.swift */ = {isa = PBXFileReference; lastKnownFileType = sourcecode.swift; path = Constants.swift; sourceTree = "<group>"; };
		9F84EFB528522D5B0040BA43 /* CreateReplyRequestModel.swift */ = {isa = PBXFileReference; lastKnownFileType = sourcecode.swift; path = CreateReplyRequestModel.swift; sourceTree = "<group>"; };
		9F84EFB7285230DC0040BA43 /* CreateReplyResponseModel.swift */ = {isa = PBXFileReference; lastKnownFileType = sourcecode.swift; path = CreateReplyResponseModel.swift; sourceTree = "<group>"; };
		9F84EFB9285290470040BA43 /* DeleteReplyRequestModel.swift */ = {isa = PBXFileReference; lastKnownFileType = sourcecode.swift; path = DeleteReplyRequestModel.swift; sourceTree = "<group>"; };
		9F84EFBB2852917A0040BA43 /* DeleteReplyResponseModel.swift */ = {isa = PBXFileReference; lastKnownFileType = sourcecode.swift; path = DeleteReplyResponseModel.swift; sourceTree = "<group>"; };
		9F84EFBD28529FCF0040BA43 /* DeletePostRequestModel.swift */ = {isa = PBXFileReference; lastKnownFileType = sourcecode.swift; path = DeletePostRequestModel.swift; sourceTree = "<group>"; };
		9F84EFBF2852A0770040BA43 /* DeletePostResponseModel.swift */ = {isa = PBXFileReference; lastKnownFileType = sourcecode.swift; path = DeletePostResponseModel.swift; sourceTree = "<group>"; };
		9F84EFC12852A5730040BA43 /* UpdatePostRequestModel.swift */ = {isa = PBXFileReference; lastKnownFileType = sourcecode.swift; path = UpdatePostRequestModel.swift; sourceTree = "<group>"; };
		9F84EFC32852A8780040BA43 /* UpdatePostResponseModel.swift */ = {isa = PBXFileReference; lastKnownFileType = sourcecode.swift; path = UpdatePostResponseModel.swift; sourceTree = "<group>"; };
		9F84EFC52852B4320040BA43 /* GetPostReadOneRequestModel.swift */ = {isa = PBXFileReference; lastKnownFileType = sourcecode.swift; path = GetPostReadOneRequestModel.swift; sourceTree = "<group>"; };
		9F84EFC72852B49F0040BA43 /* GetPostReadOneResponseModel.swift */ = {isa = PBXFileReference; lastKnownFileType = sourcecode.swift; path = GetPostReadOneResponseModel.swift; sourceTree = "<group>"; };
		9FC560DA27FC19EF00592B47 /* map_pinup_custom@3x.png */ = {isa = PBXFileReference; lastKnownFileType = image.png; path = "map_pinup_custom@3x.png"; sourceTree = "<group>"; };
		9FC560DB27FC19EF00592B47 /* map_pin_custom.png */ = {isa = PBXFileReference; lastKnownFileType = image.png; path = map_pin_custom.png; sourceTree = "<group>"; };
		9FC560DC27FC19EF00592B47 /* shadow_balloon.png */ = {isa = PBXFileReference; lastKnownFileType = image.png; path = shadow_balloon.png; sourceTree = "<group>"; };
		9FC560DD27FC19EF00592B47 /* map_pinup.png */ = {isa = PBXFileReference; lastKnownFileType = image.png; path = map_pinup.png; sourceTree = "<group>"; };
		9FC560DE27FC19EF00592B47 /* detail_button.png */ = {isa = PBXFileReference; lastKnownFileType = image.png; path = detail_button.png; sourceTree = "<group>"; };
		9FC560DF27FC19EF00592B47 /* map_pin_custom@3x.png */ = {isa = PBXFileReference; lastKnownFileType = image.png; path = "map_pin_custom@3x.png"; sourceTree = "<group>"; };
		9FC560E027FC19EF00592B47 /* map_pinup@3x.png */ = {isa = PBXFileReference; lastKnownFileType = image.png; path = "map_pinup@3x.png"; sourceTree = "<group>"; };
		9FC560E127FC19EF00592B47 /* map_pin_shadow@3x.png */ = {isa = PBXFileReference; lastKnownFileType = image.png; path = "map_pin_shadow@3x.png"; sourceTree = "<group>"; };
		9FC560E227FC19EF00592B47 /* copyright.png */ = {isa = PBXFileReference; lastKnownFileType = image.png; path = copyright.png; sourceTree = "<group>"; };
		9FC560E327FC19EF00592B47 /* th_line.png */ = {isa = PBXFileReference; lastKnownFileType = image.png; path = th_line.png; sourceTree = "<group>"; };
		9FC560E427FC19EF00592B47 /* map_pin_red@3x.png */ = {isa = PBXFileReference; lastKnownFileType = image.png; path = "map_pin_red@3x.png"; sourceTree = "<group>"; };
		9FC560E527FC19EF00592B47 /* daum_copyright.png */ = {isa = PBXFileReference; lastKnownFileType = image.png; path = daum_copyright.png; sourceTree = "<group>"; };
		9FC560E627FC19EF00592B47 /* map_pin@3x.png */ = {isa = PBXFileReference; lastKnownFileType = image.png; path = "map_pin@3x.png"; sourceTree = "<group>"; };
		9FC560E727FC19EF00592B47 /* map_present_tracking.png */ = {isa = PBXFileReference; lastKnownFileType = image.png; path = map_present_tracking.png; sourceTree = "<group>"; };
		9FC560E827FC19EF00592B47 /* map_pin_red.png */ = {isa = PBXFileReference; lastKnownFileType = image.png; path = map_pin_red.png; sourceTree = "<group>"; };
		9FC560E927FC19EF00592B47 /* info_box.png */ = {isa = PBXFileReference; lastKnownFileType = image.png; path = info_box.png; sourceTree = "<group>"; };
		9FC560EA27FC19EF00592B47 /* point_sprite.png */ = {isa = PBXFileReference; lastKnownFileType = image.png; path = point_sprite.png; sourceTree = "<group>"; };
		9FC560EB27FC19EF00592B47 /* map_pinup_custom.png */ = {isa = PBXFileReference; lastKnownFileType = image.png; path = map_pinup_custom.png; sourceTree = "<group>"; };
		9FC560EC27FC19EF00592B47 /* info_box_tail.png */ = {isa = PBXFileReference; lastKnownFileType = image.png; path = info_box_tail.png; sourceTree = "<group>"; };
		9FC560ED27FC19EF00592B47 /* noimage256.png */ = {isa = PBXFileReference; lastKnownFileType = image.png; path = noimage256.png; sourceTree = "<group>"; };
		9FC560EE27FC19EF00592B47 /* map_present_direction.png */ = {isa = PBXFileReference; lastKnownFileType = image.png; path = map_present_direction.png; sourceTree = "<group>"; };
		9FC560EF27FC19EF00592B47 /* map_pin.png */ = {isa = PBXFileReference; lastKnownFileType = image.png; path = map_pin.png; sourceTree = "<group>"; };
		9FC560F027FC19EF00592B47 /* map_present.png */ = {isa = PBXFileReference; lastKnownFileType = image.png; path = map_present.png; sourceTree = "<group>"; };
		9FC560F127FC19EF00592B47 /* noimage.png */ = {isa = PBXFileReference; lastKnownFileType = image.png; path = noimage.png; sourceTree = "<group>"; };
		9FC560F227FC19EF00592B47 /* map_present_background_update.png */ = {isa = PBXFileReference; lastKnownFileType = image.png; path = map_present_background_update.png; sourceTree = "<group>"; };
		9FC560F327FC19EF00592B47 /* daum_th_line.png */ = {isa = PBXFileReference; lastKnownFileType = image.png; path = daum_th_line.png; sourceTree = "<group>"; };
		9FC560F427FC19EF00592B47 /* map_pin_shadow.png */ = {isa = PBXFileReference; lastKnownFileType = image.png; path = map_pin_shadow.png; sourceTree = "<group>"; };
		CEF4BD7595DC936761BA33E4 /* Pods_Manner_Smoker_Manner_SmokerUITests.framework */ = {isa = PBXFileReference; explicitFileType = wrapper.framework; includeInIndex = 0; path = Pods_Manner_Smoker_Manner_SmokerUITests.framework; sourceTree = BUILT_PRODUCTS_DIR; };
		EAF4624064C6FDE9D7C39CB1 /* Pods-Manner-Smoker-Manner-SmokerUITests.debug.xcconfig */ = {isa = PBXFileReference; includeInIndex = 1; lastKnownFileType = text.xcconfig; name = "Pods-Manner-Smoker-Manner-SmokerUITests.debug.xcconfig"; path = "Target Support Files/Pods-Manner-Smoker-Manner-SmokerUITests/Pods-Manner-Smoker-Manner-SmokerUITests.debug.xcconfig"; sourceTree = "<group>"; };
		F73AD3A7F895AA7068CBF328 /* Pods-Manner-Smoker.release.xcconfig */ = {isa = PBXFileReference; includeInIndex = 1; lastKnownFileType = text.xcconfig; name = "Pods-Manner-Smoker.release.xcconfig"; path = "Target Support Files/Pods-Manner-Smoker/Pods-Manner-Smoker.release.xcconfig"; sourceTree = "<group>"; };
/* End PBXFileReference section */

/* Begin PBXFrameworksBuildPhase section */
		9F84728027EB123E007461FA /* Frameworks */ = {
			isa = PBXFrameworksBuildPhase;
			buildActionMask = 2147483647;
			files = (
				9F84798727F31511007461FA /* libc++.tbd in Frameworks */,
				9F8478A627F30086007461FA /* CoreLocation.framework in Frameworks */,
				9F847A3927F5E616007461FA /* DaumMap.framework in Frameworks */,
				9F84798927F31522007461FA /* libsqlite3.tbd in Frameworks */,
				9F8478A827F30091007461FA /* QuartzCore.framework in Frameworks */,
				9F84798827F3151C007461FA /* libxml2.tbd in Frameworks */,
				9F84798627F31505007461FA /* Metal.framework in Frameworks */,
				9F8478A427F30077007461FA /* SystemConfiguration.framework in Frameworks */,
				EB0E89EB5A9F989A77E91549 /* Pods_Manner_Smoker.framework in Frameworks */,
			);
			runOnlyForDeploymentPostprocessing = 0;
		};
		9F84729627EB123F007461FA /* Frameworks */ = {
			isa = PBXFrameworksBuildPhase;
			buildActionMask = 2147483647;
			files = (
				537ADC50E42182F1FE3E9829 /* Pods_Manner_SmokerTests.framework in Frameworks */,
			);
			runOnlyForDeploymentPostprocessing = 0;
		};
		9F8472A027EB123F007461FA /* Frameworks */ = {
			isa = PBXFrameworksBuildPhase;
			buildActionMask = 2147483647;
			files = (
				EF70BEF256D278FE7EE52295 /* Pods_Manner_Smoker_Manner_SmokerUITests.framework in Frameworks */,
			);
			runOnlyForDeploymentPostprocessing = 0;
		};
/* End PBXFrameworksBuildPhase section */

/* Begin PBXGroup section */
		1026568FC129A877B6DC7975 /* Pods */ = {
			isa = PBXGroup;
			children = (
				0DE48839540DDC030D6C541A /* Pods-Manner-Smoker.debug.xcconfig */,
				F73AD3A7F895AA7068CBF328 /* Pods-Manner-Smoker.release.xcconfig */,
				EAF4624064C6FDE9D7C39CB1 /* Pods-Manner-Smoker-Manner-SmokerUITests.debug.xcconfig */,
				0A39028D3BD1C3C5372CCCD5 /* Pods-Manner-Smoker-Manner-SmokerUITests.release.xcconfig */,
				99F89CD0B9FAD3644E3C4F65 /* Pods-Manner-SmokerTests.debug.xcconfig */,
				141D10CE97E9A0D582413A65 /* Pods-Manner-SmokerTests.release.xcconfig */,
			);
			path = Pods;
			sourceTree = "<group>";
		};
		17056DE1285052A800B5CCD0 /* KaKaoLogIn */ = {
			isa = PBXGroup;
			children = (
				17056DE2285052BE00B5CCD0 /* KaKaoDataManager */,
				17056DE3285052CA00B5CCD0 /* KaKaoEntity */,
			);
			path = KaKaoLogIn;
			sourceTree = "<group>";
		};
		17056DE2285052BE00B5CCD0 /* KaKaoDataManager */ = {
			isa = PBXGroup;
			children = (
				17056DE4285052E800B5CCD0 /* KaKaoDataManager.swift */,
			);
			path = KaKaoDataManager;
			sourceTree = "<group>";
		};
		17056DE3285052CA00B5CCD0 /* KaKaoEntity */ = {
			isa = PBXGroup;
			children = (
				17056DE62850532700B5CCD0 /* KaKaoEntity.swift */,
				176B77F82851CE0900545A73 /* UserEntity.swift */,
			);
			path = KaKaoEntity;
			sourceTree = "<group>";
		};
		173E1A3828582DDB00EC7AE1 /* Extension */ = {
			isa = PBXGroup;
			children = (
				173E1A3928582DFC00EC7AE1 /* ImageUrl.swift */,
			);
			path = Extension;
			sourceTree = "<group>";
		};
		1744F0BD2857BF2500F6F83F /* HomeDataManager */ = {
			isa = PBXGroup;
			children = (
				1744F0BF2857BF5000F6F83F /* HomeDataManager.swift */,
			);
			path = HomeDataManager;
			sourceTree = "<group>";
		};
		1744F0BE2857BF3E00F6F83F /* HomeEntity */ = {
			isa = PBXGroup;
			children = (
				1744F0C12857BF6200F6F83F /* HomeEntity.swift */,
			);
			path = HomeEntity;
			sourceTree = "<group>";
		};
		176B77F22851C46500545A73 /* DaySmokeDataManager */ = {
			isa = PBXGroup;
			children = (
				176B77F42851C49C00545A73 /* DaySmokeManager.swift */,
			);
			path = DaySmokeDataManager;
			sourceTree = "<group>";
		};
		176B77F32851C48200545A73 /* DaySmokeEntity */ = {
			isa = PBXGroup;
			children = (
				176B77F62851C59000545A73 /* DaySmokeEntity.swift */,
			);
			path = DaySmokeEntity;
			sourceTree = "<group>";
		};
		17BBDF9128512107000FF4E3 /* SmokeAmountDataManager */ = {
			isa = PBXGroup;
			children = (
				17BBDF93285121A5000FF4E3 /* SmokeAmountDataManager.swift */,
			);
			path = SmokeAmountDataManager;
			sourceTree = "<group>";
		};
		17BBDF9228512124000FF4E3 /* SmokeAmountEntity */ = {
			isa = PBXGroup;
			children = (
				17BBDF9528512208000FF4E3 /* SmokeAmountInput.swift */,
				17BBDF972851221C000FF4E3 /* SmokeAmountEntity.swift */,
			);
			path = SmokeAmountEntity;
			sourceTree = "<group>";
		};
		17BBDF992851371E000FF4E3 /* MyPageDetailView */ = {
			isa = PBXGroup;
			children = (
				17BBDF9A2851372A000FF4E3 /* MyPageDetailDataManager */,
				17F09EA62852A9E00051A2D7 /* MyPageDetailEntity */,
				17BBDF9B285137C9000FF4E3 /* MyPageDetailVC.swift */,
				17BBDF9C285137C9000FF4E3 /* MyPageDetailVC.xib */,
			);
			path = MyPageDetailView;
			sourceTree = "<group>";
		};
		17BBDF9A2851372A000FF4E3 /* MyPageDetailDataManager */ = {
			isa = PBXGroup;
			children = (
				17F09EA42852A7890051A2D7 /* MyPageDetailDataManager.swift */,
			);
			path = MyPageDetailDataManager;
			sourceTree = "<group>";
		};
		17F09EA62852A9E00051A2D7 /* MyPageDetailEntity */ = {
			isa = PBXGroup;
			children = (
				17F09EA72852AA130051A2D7 /* MonthSmokeEntity.swift */,
				17F09EA92852AA220051A2D7 /* YearSmokeEntity.swift */,
			);
			path = MyPageDetailEntity;
			sourceTree = "<group>";
		};
		17F09EAB2852D2620051A2D7 /* FirstSetting */ = {
			isa = PBXGroup;
			children = (
				17F09EB02852D3290051A2D7 /* FirstSettingViewController.swift */,
				17F09EB12852D3290051A2D7 /* FirstSettingViewController.xib */,
			);
			path = FirstSetting;
			sourceTree = "<group>";
		};
		9F17088A283219C4001B4973 /* Model */ = {
			isa = PBXGroup;
			children = (
				9F17088B28321A25001B4973 /* Map.swift */,
			);
			path = Model;
			sourceTree = "<group>";
		};
		9F206C762840EB0600568D11 /* Board */ = {
			isa = PBXGroup;
			children = (
				9F2A60A02850395F00C7A253 /* View Model */,
				9F2A6096284FEF4A00C7A253 /* Network */,
				9F206C5B283D0D6700568D11 /* Board.storyboard */,
				9F206C7028409ACA00568D11 /* BoardViewController.swift */,
				9F206C7428409D9A00568D11 /* BoardCollectionReusableView.swift */,
				9F206C7228409B8500568D11 /* BoardCollectionViewCell.swift */,
			);
			path = Board;
			sourceTree = "<group>";
		};
		9F206C772840EB3000568D11 /* Write */ = {
			isa = PBXGroup;
			children = (
				9F2A6091284FEF0900C7A253 /* Network */,
				9F206C7A2841017700568D11 /* Write.storyboard */,
				9F206C7C28446F1D00568D11 /* WriteViewController.swift */,
			);
			path = Write;
			sourceTree = "<group>";
		};
		9F206C942848C5FD00568D11 /* View Model */ = {
			isa = PBXGroup;
			children = (
				9F2A6070284E9F6900C7A253 /* MapListViewModel.swift */,
			);
			path = "View Model";
			sourceTree = "<group>";
		};
		9F2A6082284FCB4900C7A253 /* Model */ = {
			isa = PBXGroup;
			children = (
			);
			path = Model;
			sourceTree = "<group>";
		};
		9F2A6083284FCB5F00C7A253 /* Network */ = {
			isa = PBXGroup;
			children = (
				9F2A6089284FCBD000C7A253 /* CommunityManager.swift */,
				9F2A6084284FCB6D00C7A253 /* Request Model */,
				9F2A6085284FCB7700C7A253 /* Response Model */,
			);
			path = Network;
			sourceTree = "<group>";
		};
		9F2A6084284FCB6D00C7A253 /* Request Model */ = {
			isa = PBXGroup;
			children = (
				9F2A608D284FCCEC00C7A253 /* GetPostReadAllRequestModel.swift */,
			);
			path = "Request Model";
			sourceTree = "<group>";
		};
		9F2A6085284FCB7700C7A253 /* Response Model */ = {
			isa = PBXGroup;
			children = (
				9F2A608B284FCC0600C7A253 /* GetPostReadAllResponseModel.swift */,
			);
			path = "Response Model";
			sourceTree = "<group>";
		};
		9F2A6086284FCB8900C7A253 /* View Model */ = {
			isa = PBXGroup;
			children = (
				9F2A6087284FCBB800C7A253 /* CommunityViewModel.swift */,
			);
			path = "View Model";
			sourceTree = "<group>";
		};
		9F2A6091284FEF0900C7A253 /* Network */ = {
			isa = PBXGroup;
			children = (
				9F2A6093284FEF2900C7A253 /* Request Model */,
				9F2A6097284FF2B100C7A253 /* Response Model */,
			);
			path = Network;
			sourceTree = "<group>";
		};
		9F2A6093284FEF2900C7A253 /* Request Model */ = {
			isa = PBXGroup;
			children = (
				9F2A6094284FEF4600C7A253 /* CreateRequestModel.swift */,
			);
			path = "Request Model";
			sourceTree = "<group>";
		};
		9F2A6096284FEF4A00C7A253 /* Network */ = {
			isa = PBXGroup;
			children = (
				9F2A609A28502D5100C7A253 /* Request Model */,
				9F2A609B28502D5700C7A253 /* Response Model */,
			);
			path = Network;
			sourceTree = "<group>";
		};
		9F2A6097284FF2B100C7A253 /* Response Model */ = {
			isa = PBXGroup;
			children = (
				9F2A6098284FF2D200C7A253 /* CreateResponseModel.swift */,
			);
			path = "Response Model";
			sourceTree = "<group>";
		};
		9F2A609A28502D5100C7A253 /* Request Model */ = {
			isa = PBXGroup;
			children = (
				9F2A609C28502D8100C7A253 /* GetReplyReadAllRequestModel.swift */,
				9F84EFB528522D5B0040BA43 /* CreateReplyRequestModel.swift */,
				9F84EFB9285290470040BA43 /* DeleteReplyRequestModel.swift */,
				9F84EFBD28529FCF0040BA43 /* DeletePostRequestModel.swift */,
				9F84EFC12852A5730040BA43 /* UpdatePostRequestModel.swift */,
				9F84EFC52852B4320040BA43 /* GetPostReadOneRequestModel.swift */,
			);
			path = "Request Model";
			sourceTree = "<group>";
		};
		9F2A609B28502D5700C7A253 /* Response Model */ = {
			isa = PBXGroup;
			children = (
				9F2A609E2850319800C7A253 /* GetReplyRaedAllResponseModel.swift */,
				9F84EFB7285230DC0040BA43 /* CreateReplyResponseModel.swift */,
				9F84EFBB2852917A0040BA43 /* DeleteReplyResponseModel.swift */,
				9F84EFBF2852A0770040BA43 /* DeletePostResponseModel.swift */,
				9F84EFC32852A8780040BA43 /* UpdatePostResponseModel.swift */,
				9F84EFC72852B49F0040BA43 /* GetPostReadOneResponseModel.swift */,
			);
			path = "Response Model";
			sourceTree = "<group>";
		};
		9F2A60A02850395F00C7A253 /* View Model */ = {
			isa = PBXGroup;
			children = (
				9F2A60A12850399900C7A253 /* BoardViewModel.swift */,
			);
			path = "View Model";
			sourceTree = "<group>";
		};
		9F84727A27EB123E007461FA = {
			isa = PBXGroup;
			children = (
				9F84728527EB123E007461FA /* Manner-Smoker */,
				9F84729C27EB123F007461FA /* Manner-SmokerTests */,
				9F8472A627EB123F007461FA /* Manner-SmokerUITests */,
				9F84728427EB123E007461FA /* Products */,
				9F8478A027F30036007461FA /* Frameworks */,
				9FC560D927FC19EF00592B47 /* resource */,
				1026568FC129A877B6DC7975 /* Pods */,
			);
			sourceTree = "<group>";
		};
		9F84728427EB123E007461FA /* Products */ = {
			isa = PBXGroup;
			children = (
				9F84728327EB123E007461FA /* Manner-Smoker.app */,
				9F84729927EB123F007461FA /* Manner-SmokerTests.xctest */,
				9F8472A327EB123F007461FA /* Manner-SmokerUITests.xctest */,
			);
			name = Products;
			sourceTree = "<group>";
		};
		9F84728527EB123E007461FA /* Manner-Smoker */ = {
			isa = PBXGroup;
			children = (
				173E1A3828582DDB00EC7AE1 /* Extension */,
				9F84728C27EB123E007461FA /* Main.storyboard */,
				9F84730827EB43E7007461FA /* TabBarController.swift */,
				9F847ACC27F9944A007461FA /* Constants.swift */,
				176B77FA2851D6CD00545A73 /* SmokeAmount.swift */,
				17F09EAB2852D2620051A2D7 /* FirstSetting */,
				9F8472B627EB1390007461FA /* login */,
				9F8472B727EB13B6007461FA /* Map */,
				9F8472B827EB13C0007461FA /* Community */,
				9F8472BB27EB13D6007461FA /* Home */,
				9F8472BA27EB13CD007461FA /* News */,
				9F8472B927EB13C8007461FA /* MyPage */,
				9F84728627EB123E007461FA /* AppDelegate.swift */,
				9F84728827EB123E007461FA /* SceneDelegate.swift */,
				9F84728A27EB123E007461FA /* ViewController.swift */,
				9F84729127EB123F007461FA /* LaunchScreen.storyboard */,
				9F84729427EB123F007461FA /* Info.plist */,
				9F8479D227F31E3B007461FA /* Kakao-Map-Bridge-Header.h */,
			);
			path = "Manner-Smoker";
			sourceTree = "<group>";
		};
		9F84729C27EB123F007461FA /* Manner-SmokerTests */ = {
			isa = PBXGroup;
			children = (
				9F84729D27EB123F007461FA /* Manner_SmokerTests.swift */,
			);
			path = "Manner-SmokerTests";
			sourceTree = "<group>";
		};
		9F8472A627EB123F007461FA /* Manner-SmokerUITests */ = {
			isa = PBXGroup;
			children = (
				9F8472A727EB123F007461FA /* Manner_SmokerUITests.swift */,
				9F8472A927EB123F007461FA /* Manner_SmokerUITestsLaunchTests.swift */,
			);
			path = "Manner-SmokerUITests";
			sourceTree = "<group>";
		};
		9F8472B627EB1390007461FA /* login */ = {
			isa = PBXGroup;
			children = (
				17056DE1285052A800B5CCD0 /* KaKaoLogIn */,
				9F8472C227EB2135007461FA /* HeaderLogin.storyboard */,
				9F8472CA27EB3125007461FA /* LoginViewController.swift */,
			);
			path = login;
			sourceTree = "<group>";
		};
		9F8472B727EB13B6007461FA /* Map */ = {
			isa = PBXGroup;
			children = (
				9F17088A283219C4001B4973 /* Model */,
				9F206C942848C5FD00568D11 /* View Model */,
				9F847AC227F98693007461FA /* Network */,
				9F8472BE27EB1F42007461FA /* HeaderMap.storyboard */,
				9F84798A27F3159F007461FA /* MapViewController.swift */,
				9F170886283211DF001B4973 /* MapListView.storyboard */,
				9F17088828321451001B4973 /* MapListViewController.swift */,
				9F18A5FC2832234800EEF555 /* MapListViewCell.swift */,
			);
			path = Map;
			sourceTree = "<group>";
		};
		9F8472B827EB13C0007461FA /* Community */ = {
			isa = PBXGroup;
			children = (
				9F2A6082284FCB4900C7A253 /* Model */,
				9F2A6086284FCB8900C7A253 /* View Model */,
				9F2A6083284FCB5F00C7A253 /* Network */,
				9F8472C827EB25E8007461FA /* HeaderCommunity.storyboard */,
				9F206C57283D091A00568D11 /* CommunityViewController.swift */,
				9F206C59283D09A600568D11 /* CommunityCollectionViewCell.swift */,
				9F206C762840EB0600568D11 /* Board */,
				9F206C772840EB3000568D11 /* Write */,
			);
			path = Community;
			sourceTree = "<group>";
		};
		9F8472B927EB13C8007461FA /* MyPage */ = {
			isa = PBXGroup;
			children = (
				176B77F22851C46500545A73 /* DaySmokeDataManager */,
				176B77F32851C48200545A73 /* DaySmokeEntity */,
				17BBDF992851371E000FF4E3 /* MyPageDetailView */,
				17BBDF9128512107000FF4E3 /* SmokeAmountDataManager */,
				17BBDF9228512124000FF4E3 /* SmokeAmountEntity */,
				9F8472C627EB2154007461FA /* HeaderMyPage.storyboard */,
				1787B6B228366B140033C534 /* HeaderMyPageVC.swift */,
				1787B6B428366B4D0033C534 /* HeaderMyPageTableCell.swift */,
			);
			path = MyPage;
			sourceTree = "<group>";
		};
		9F8472BA27EB13CD007461FA /* News */ = {
			isa = PBXGroup;
			children = (
				9F8472C427EB213E007461FA /* HeaderNews.storyboard */,
				175DCE2928372D2300AE591A /* NewsCollectionViewCell.swift */,
				175DCE2A28372D2300AE591A /* NewsCollectionViewCell.xib */,
				175DCE2D28372D4700AE591A /* HeaderNewsVC.swift */,
			);
			path = News;
			sourceTree = "<group>";
		};
		9F8472BB27EB13D6007461FA /* Home */ = {
			isa = PBXGroup;
			children = (
				1744F0BD2857BF2500F6F83F /* HomeDataManager */,
				1744F0BE2857BF3E00F6F83F /* HomeEntity */,
				9F8472C027EB20D1007461FA /* HeaderHome.storyboard */,
				1787B6B628371FD70033C534 /* HeaderHomeVC.swift */,
			);
			path = Home;
			sourceTree = "<group>";
		};
		9F8478A027F30036007461FA /* Frameworks */ = {
			isa = PBXGroup;
			children = (
				9F8479EA27F472AE007461FA /* DaumMap.framework */,
				9F8478AB27F300B6007461FA /* libsqlite3.tbd */,
				9F8478AA27F300AD007461FA /* libxml2.tbd */,
				9F8478A927F300A3007461FA /* libc++.tbd */,
				9F84798527F31505007461FA /* Metal.framework */,
				9F8478A727F30091007461FA /* QuartzCore.framework */,
				9F8478A527F30086007461FA /* CoreLocation.framework */,
				9F8478A327F30077007461FA /* SystemConfiguration.framework */,
				5D9BD5141F30F2AE6308A740 /* Pods_Manner_Smoker.framework */,
				CEF4BD7595DC936761BA33E4 /* Pods_Manner_Smoker_Manner_SmokerUITests.framework */,
				98F91CC459EF167F6FF98B7A /* Pods_Manner_SmokerTests.framework */,
			);
			name = Frameworks;
			sourceTree = "<group>";
		};
		9F847AC027F9854E007461FA /* Request Model */ = {
			isa = PBXGroup;
			children = (
				9F847AC727F98C42007461FA /* SearchLoactionWithAddressRequestModel.swift */,
				9F206C952848C7E700568D11 /* GetAllSmokeAreaRequestModel.swift */,
			);
			path = "Request Model";
			sourceTree = "<group>";
		};
		9F847AC127F9855A007461FA /* Response Model */ = {
			isa = PBXGroup;
			children = (
				9F2DCE4E27F996630082D89E /* SearchLoactionWithAddressResponseModel.swift */,
				9F206C972848CA7B00568D11 /* GetAllSmokeAreaResponseModel.swift */,
			);
			path = "Response Model";
			sourceTree = "<group>";
		};
		9F847AC227F98693007461FA /* Network */ = {
			isa = PBXGroup;
			children = (
				9F847AC527F98B17007461FA /* MapManager.swift */,
				9F847AC027F9854E007461FA /* Request Model */,
				9F847AC127F9855A007461FA /* Response Model */,
			);
			path = Network;
			sourceTree = "<group>";
		};
		9FC560D927FC19EF00592B47 /* resource */ = {
			isa = PBXGroup;
			children = (
				9F84728F27EB123F007461FA /* Assets.xcassets */,
				9FC560DA27FC19EF00592B47 /* map_pinup_custom@3x.png */,
				9FC560DB27FC19EF00592B47 /* map_pin_custom.png */,
				9FC560DC27FC19EF00592B47 /* shadow_balloon.png */,
				9FC560DD27FC19EF00592B47 /* map_pinup.png */,
				9FC560DE27FC19EF00592B47 /* detail_button.png */,
				9FC560DF27FC19EF00592B47 /* map_pin_custom@3x.png */,
				9FC560E027FC19EF00592B47 /* map_pinup@3x.png */,
				9FC560E127FC19EF00592B47 /* map_pin_shadow@3x.png */,
				9FC560E227FC19EF00592B47 /* copyright.png */,
				9FC560E327FC19EF00592B47 /* th_line.png */,
				9FC560E427FC19EF00592B47 /* map_pin_red@3x.png */,
				9FC560E527FC19EF00592B47 /* daum_copyright.png */,
				9FC560E627FC19EF00592B47 /* map_pin@3x.png */,
				9FC560E727FC19EF00592B47 /* map_present_tracking.png */,
				9FC560E827FC19EF00592B47 /* map_pin_red.png */,
				9FC560E927FC19EF00592B47 /* info_box.png */,
				9FC560EA27FC19EF00592B47 /* point_sprite.png */,
				9FC560EB27FC19EF00592B47 /* map_pinup_custom.png */,
				9FC560EC27FC19EF00592B47 /* info_box_tail.png */,
				9FC560ED27FC19EF00592B47 /* noimage256.png */,
				9FC560EE27FC19EF00592B47 /* map_present_direction.png */,
				9FC560EF27FC19EF00592B47 /* map_pin.png */,
				9FC560F027FC19EF00592B47 /* map_present.png */,
				9FC560F127FC19EF00592B47 /* noimage.png */,
				9FC560F227FC19EF00592B47 /* map_present_background_update.png */,
				9FC560F327FC19EF00592B47 /* daum_th_line.png */,
				9FC560F427FC19EF00592B47 /* map_pin_shadow.png */,
			);
			path = resource;
			sourceTree = "<group>";
		};
/* End PBXGroup section */

/* Begin PBXNativeTarget section */
		9F84728227EB123E007461FA /* Manner-Smoker */ = {
			isa = PBXNativeTarget;
			buildConfigurationList = 9F8472AD27EB123F007461FA /* Build configuration list for PBXNativeTarget "Manner-Smoker" */;
			buildPhases = (
				DC89ABD6B329C10CA5649192 /* [CP] Check Pods Manifest.lock */,
				9F84727F27EB123E007461FA /* Sources */,
				9F84728027EB123E007461FA /* Frameworks */,
				9F84728127EB123E007461FA /* Resources */,
				6D41FA47DDAC7E0F7919330D /* [CP] Embed Pods Frameworks */,
			);
			buildRules = (
			);
			dependencies = (
			);
			name = "Manner-Smoker";
			productName = "Manner-Smoker";
			productReference = 9F84728327EB123E007461FA /* Manner-Smoker.app */;
			productType = "com.apple.product-type.application";
		};
		9F84729827EB123F007461FA /* Manner-SmokerTests */ = {
			isa = PBXNativeTarget;
			buildConfigurationList = 9F8472B027EB123F007461FA /* Build configuration list for PBXNativeTarget "Manner-SmokerTests" */;
			buildPhases = (
				D1B6D76522CB69F5AC2636F2 /* [CP] Check Pods Manifest.lock */,
				9F84729527EB123F007461FA /* Sources */,
				9F84729627EB123F007461FA /* Frameworks */,
				9F84729727EB123F007461FA /* Resources */,
			);
			buildRules = (
			);
			dependencies = (
				9F84729B27EB123F007461FA /* PBXTargetDependency */,
			);
			name = "Manner-SmokerTests";
			productName = "Manner-SmokerTests";
			productReference = 9F84729927EB123F007461FA /* Manner-SmokerTests.xctest */;
			productType = "com.apple.product-type.bundle.unit-test";
		};
		9F8472A227EB123F007461FA /* Manner-SmokerUITests */ = {
			isa = PBXNativeTarget;
			buildConfigurationList = 9F8472B327EB123F007461FA /* Build configuration list for PBXNativeTarget "Manner-SmokerUITests" */;
			buildPhases = (
				0A40D16EDC402C09E1652756 /* [CP] Check Pods Manifest.lock */,
				9F84729F27EB123F007461FA /* Sources */,
				9F8472A027EB123F007461FA /* Frameworks */,
				9F8472A127EB123F007461FA /* Resources */,
				C619483BEDC95B6D4F2AC090 /* [CP] Embed Pods Frameworks */,
			);
			buildRules = (
			);
			dependencies = (
				9F8472A527EB123F007461FA /* PBXTargetDependency */,
			);
			name = "Manner-SmokerUITests";
			productName = "Manner-SmokerUITests";
			productReference = 9F8472A327EB123F007461FA /* Manner-SmokerUITests.xctest */;
			productType = "com.apple.product-type.bundle.ui-testing";
		};
/* End PBXNativeTarget section */

/* Begin PBXProject section */
		9F84727B27EB123E007461FA /* Project object */ = {
			isa = PBXProject;
			attributes = {
				BuildIndependentTargetsInParallel = 1;
				LastSwiftUpdateCheck = 1330;
				LastUpgradeCheck = 1330;
				TargetAttributes = {
					9F84728227EB123E007461FA = {
						CreatedOnToolsVersion = 13.3;
					};
					9F84729827EB123F007461FA = {
						CreatedOnToolsVersion = 13.3;
						TestTargetID = 9F84728227EB123E007461FA;
					};
					9F8472A227EB123F007461FA = {
						CreatedOnToolsVersion = 13.3;
						TestTargetID = 9F84728227EB123E007461FA;
					};
				};
			};
			buildConfigurationList = 9F84727E27EB123E007461FA /* Build configuration list for PBXProject "Manner-Smoker" */;
			compatibilityVersion = "Xcode 13.0";
			developmentRegion = en;
			hasScannedForEncodings = 0;
			knownRegions = (
				en,
				Base,
			);
			mainGroup = 9F84727A27EB123E007461FA;
			productRefGroup = 9F84728427EB123E007461FA /* Products */;
			projectDirPath = "";
			projectRoot = "";
			targets = (
				9F84728227EB123E007461FA /* Manner-Smoker */,
				9F84729827EB123F007461FA /* Manner-SmokerTests */,
				9F8472A227EB123F007461FA /* Manner-SmokerUITests */,
			);
		};
/* End PBXProject section */

/* Begin PBXResourcesBuildPhase section */
		9F84728127EB123E007461FA /* Resources */ = {
			isa = PBXResourcesBuildPhase;
			buildActionMask = 2147483647;
			files = (
				9FC560F527FC19EF00592B47 /* map_pinup_custom@3x.png in Resources */,
				9FC5610227FC19EF00592B47 /* map_present_tracking.png in Resources */,
				9FC560FB27FC19EF00592B47 /* map_pinup@3x.png in Resources */,
				9FC5610F27FC19EF00592B47 /* map_pin_shadow.png in Resources */,
				9FC5610D27FC19EF00592B47 /* map_present_background_update.png in Resources */,
				9FC5610927FC19EF00592B47 /* map_present_direction.png in Resources */,
				9FC5610427FC19EF00592B47 /* info_box.png in Resources */,
				9FC5610627FC19EF00592B47 /* map_pinup_custom.png in Resources */,
				9FC560FF27FC19EF00592B47 /* map_pin_red@3x.png in Resources */,
				9FC560FC27FC19EF00592B47 /* map_pin_shadow@3x.png in Resources */,
				9FC560FE27FC19EF00592B47 /* th_line.png in Resources */,
				17BBDF9E285137C9000FF4E3 /* MyPageDetailVC.xib in Resources */,
				9FC560FD27FC19EF00592B47 /* copyright.png in Resources */,
				9FC5610B27FC19EF00592B47 /* map_present.png in Resources */,
				9FC560F927FC19EF00592B47 /* detail_button.png in Resources */,
				9FC5610827FC19EF00592B47 /* noimage256.png in Resources */,
				9F206C7B2841017700568D11 /* Write.storyboard in Resources */,
				9FC5610027FC19EF00592B47 /* daum_copyright.png in Resources */,
				17F09EB32852D3290051A2D7 /* FirstSettingViewController.xib in Resources */,
				9FC560F827FC19EF00592B47 /* map_pinup.png in Resources */,
				9FC5610527FC19EF00592B47 /* point_sprite.png in Resources */,
				9FC5610727FC19EF00592B47 /* info_box_tail.png in Resources */,
				9FC5610E27FC19EF00592B47 /* daum_th_line.png in Resources */,
				9FC560F627FC19EF00592B47 /* map_pin_custom.png in Resources */,
				9FC5610A27FC19EF00592B47 /* map_pin.png in Resources */,
				9FC5610127FC19EF00592B47 /* map_pin@3x.png in Resources */,
				9FC5610327FC19EF00592B47 /* map_pin_red.png in Resources */,
				9FC560F727FC19EF00592B47 /* shadow_balloon.png in Resources */,
				9F8472C927EB25E8007461FA /* HeaderCommunity.storyboard in Resources */,
				9F170887283211DF001B4973 /* MapListView.storyboard in Resources */,
				9FC5610C27FC19EF00592B47 /* noimage.png in Resources */,
				9F84729327EB123F007461FA /* LaunchScreen.storyboard in Resources */,
				9F8472C527EB213E007461FA /* HeaderNews.storyboard in Resources */,
				9FC560FA27FC19EF00592B47 /* map_pin_custom@3x.png in Resources */,
				9F8472C727EB2154007461FA /* HeaderMyPage.storyboard in Resources */,
				9F84729027EB123F007461FA /* Assets.xcassets in Resources */,
				9F8472C127EB20D1007461FA /* HeaderHome.storyboard in Resources */,
				175DCE2C28372D2400AE591A /* NewsCollectionViewCell.xib in Resources */,
				9F206C5C283D0D6700568D11 /* Board.storyboard in Resources */,
				9F8472C327EB2135007461FA /* HeaderLogin.storyboard in Resources */,
				9F8472BF27EB1F42007461FA /* HeaderMap.storyboard in Resources */,
				9F84728E27EB123E007461FA /* Main.storyboard in Resources */,
			);
			runOnlyForDeploymentPostprocessing = 0;
		};
		9F84729727EB123F007461FA /* Resources */ = {
			isa = PBXResourcesBuildPhase;
			buildActionMask = 2147483647;
			files = (
			);
			runOnlyForDeploymentPostprocessing = 0;
		};
		9F8472A127EB123F007461FA /* Resources */ = {
			isa = PBXResourcesBuildPhase;
			buildActionMask = 2147483647;
			files = (
			);
			runOnlyForDeploymentPostprocessing = 0;
		};
/* End PBXResourcesBuildPhase section */

/* Begin PBXShellScriptBuildPhase section */
		0A40D16EDC402C09E1652756 /* [CP] Check Pods Manifest.lock */ = {
			isa = PBXShellScriptBuildPhase;
			buildActionMask = 2147483647;
			files = (
			);
			inputFileListPaths = (
			);
			inputPaths = (
				"${PODS_PODFILE_DIR_PATH}/Podfile.lock",
				"${PODS_ROOT}/Manifest.lock",
			);
			name = "[CP] Check Pods Manifest.lock";
			outputFileListPaths = (
			);
			outputPaths = (
				"$(DERIVED_FILE_DIR)/Pods-Manner-Smoker-Manner-SmokerUITests-checkManifestLockResult.txt",
			);
			runOnlyForDeploymentPostprocessing = 0;
			shellPath = /bin/sh;
			shellScript = "diff \"${PODS_PODFILE_DIR_PATH}/Podfile.lock\" \"${PODS_ROOT}/Manifest.lock\" > /dev/null\nif [ $? != 0 ] ; then\n    # print error to STDERR\n    echo \"error: The sandbox is not in sync with the Podfile.lock. Run 'pod install' or update your CocoaPods installation.\" >&2\n    exit 1\nfi\n# This output is used by Xcode 'outputs' to avoid re-running this script phase.\necho \"SUCCESS\" > \"${SCRIPT_OUTPUT_FILE_0}\"\n";
			showEnvVarsInLog = 0;
		};
		6D41FA47DDAC7E0F7919330D /* [CP] Embed Pods Frameworks */ = {
			isa = PBXShellScriptBuildPhase;
			buildActionMask = 2147483647;
			files = (
			);
			inputFileListPaths = (
				"${PODS_ROOT}/Target Support Files/Pods-Manner-Smoker/Pods-Manner-Smoker-frameworks-${CONFIGURATION}-input-files.xcfilelist",
			);
			name = "[CP] Embed Pods Frameworks";
			outputFileListPaths = (
				"${PODS_ROOT}/Target Support Files/Pods-Manner-Smoker/Pods-Manner-Smoker-frameworks-${CONFIGURATION}-output-files.xcfilelist",
			);
			runOnlyForDeploymentPostprocessing = 0;
			shellPath = /bin/sh;
			shellScript = "\"${PODS_ROOT}/Target Support Files/Pods-Manner-Smoker/Pods-Manner-Smoker-frameworks.sh\"\n";
			showEnvVarsInLog = 0;
		};
		C619483BEDC95B6D4F2AC090 /* [CP] Embed Pods Frameworks */ = {
			isa = PBXShellScriptBuildPhase;
			buildActionMask = 2147483647;
			files = (
			);
			inputFileListPaths = (
				"${PODS_ROOT}/Target Support Files/Pods-Manner-Smoker-Manner-SmokerUITests/Pods-Manner-Smoker-Manner-SmokerUITests-frameworks-${CONFIGURATION}-input-files.xcfilelist",
			);
			name = "[CP] Embed Pods Frameworks";
			outputFileListPaths = (
				"${PODS_ROOT}/Target Support Files/Pods-Manner-Smoker-Manner-SmokerUITests/Pods-Manner-Smoker-Manner-SmokerUITests-frameworks-${CONFIGURATION}-output-files.xcfilelist",
			);
			runOnlyForDeploymentPostprocessing = 0;
			shellPath = /bin/sh;
			shellScript = "\"${PODS_ROOT}/Target Support Files/Pods-Manner-Smoker-Manner-SmokerUITests/Pods-Manner-Smoker-Manner-SmokerUITests-frameworks.sh\"\n";
			showEnvVarsInLog = 0;
		};
		D1B6D76522CB69F5AC2636F2 /* [CP] Check Pods Manifest.lock */ = {
			isa = PBXShellScriptBuildPhase;
			buildActionMask = 2147483647;
			files = (
			);
			inputFileListPaths = (
			);
			inputPaths = (
				"${PODS_PODFILE_DIR_PATH}/Podfile.lock",
				"${PODS_ROOT}/Manifest.lock",
			);
			name = "[CP] Check Pods Manifest.lock";
			outputFileListPaths = (
			);
			outputPaths = (
				"$(DERIVED_FILE_DIR)/Pods-Manner-SmokerTests-checkManifestLockResult.txt",
			);
			runOnlyForDeploymentPostprocessing = 0;
			shellPath = /bin/sh;
			shellScript = "diff \"${PODS_PODFILE_DIR_PATH}/Podfile.lock\" \"${PODS_ROOT}/Manifest.lock\" > /dev/null\nif [ $? != 0 ] ; then\n    # print error to STDERR\n    echo \"error: The sandbox is not in sync with the Podfile.lock. Run 'pod install' or update your CocoaPods installation.\" >&2\n    exit 1\nfi\n# This output is used by Xcode 'outputs' to avoid re-running this script phase.\necho \"SUCCESS\" > \"${SCRIPT_OUTPUT_FILE_0}\"\n";
			showEnvVarsInLog = 0;
		};
		DC89ABD6B329C10CA5649192 /* [CP] Check Pods Manifest.lock */ = {
			isa = PBXShellScriptBuildPhase;
			buildActionMask = 2147483647;
			files = (
			);
			inputFileListPaths = (
			);
			inputPaths = (
				"${PODS_PODFILE_DIR_PATH}/Podfile.lock",
				"${PODS_ROOT}/Manifest.lock",
			);
			name = "[CP] Check Pods Manifest.lock";
			outputFileListPaths = (
			);
			outputPaths = (
				"$(DERIVED_FILE_DIR)/Pods-Manner-Smoker-checkManifestLockResult.txt",
			);
			runOnlyForDeploymentPostprocessing = 0;
			shellPath = /bin/sh;
			shellScript = "diff \"${PODS_PODFILE_DIR_PATH}/Podfile.lock\" \"${PODS_ROOT}/Manifest.lock\" > /dev/null\nif [ $? != 0 ] ; then\n    # print error to STDERR\n    echo \"error: The sandbox is not in sync with the Podfile.lock. Run 'pod install' or update your CocoaPods installation.\" >&2\n    exit 1\nfi\n# This output is used by Xcode 'outputs' to avoid re-running this script phase.\necho \"SUCCESS\" > \"${SCRIPT_OUTPUT_FILE_0}\"\n";
			showEnvVarsInLog = 0;
		};
/* End PBXShellScriptBuildPhase section */

/* Begin PBXSourcesBuildPhase section */
		9F84727F27EB123E007461FA /* Sources */ = {
			isa = PBXSourcesBuildPhase;
			buildActionMask = 2147483647;
			files = (
				9F84EFBC2852917A0040BA43 /* DeleteReplyResponseModel.swift in Sources */,
				17F09EAA2852AA220051A2D7 /* YearSmokeEntity.swift in Sources */,
				9F2DCE4F27F996630082D89E /* SearchLoactionWithAddressResponseModel.swift in Sources */,
				9F2A6095284FEF4600C7A253 /* CreateRequestModel.swift in Sources */,
				9F84EFC22852A5730040BA43 /* UpdatePostRequestModel.swift in Sources */,
				9F206C5A283D09A600568D11 /* CommunityCollectionViewCell.swift in Sources */,
				175DCE2B28372D2300AE591A /* NewsCollectionViewCell.swift in Sources */,
				17BBDF9D285137C9000FF4E3 /* MyPageDetailVC.swift in Sources */,
				17BBDF9628512208000FF4E3 /* SmokeAmountInput.swift in Sources */,
				17056DE5285052E800B5CCD0 /* KaKaoDataManager.swift in Sources */,
				9F84EFBA285290470040BA43 /* DeleteReplyRequestModel.swift in Sources */,
				9F206C7528409D9A00568D11 /* BoardCollectionReusableView.swift in Sources */,
				1744F0C02857BF5000F6F83F /* HomeDataManager.swift in Sources */,
				9F2A6088284FCBB800C7A253 /* CommunityViewModel.swift in Sources */,
				9F8472CB27EB3125007461FA /* LoginViewController.swift in Sources */,
				9F84798B27F3159F007461FA /* MapViewController.swift in Sources */,
				9F84EFC62852B4320040BA43 /* GetPostReadOneRequestModel.swift in Sources */,
				9F84EFB8285230DC0040BA43 /* CreateReplyResponseModel.swift in Sources */,
				9F2A608A284FCBD000C7A253 /* CommunityManager.swift in Sources */,
				9F206C7D28446F1D00568D11 /* WriteViewController.swift in Sources */,
				9F84EFC82852B49F0040BA43 /* GetPostReadOneResponseModel.swift in Sources */,
				17F09EA52852A7890051A2D7 /* MyPageDetailDataManager.swift in Sources */,
				176B77F92851CE0900545A73 /* UserEntity.swift in Sources */,
				176B77F72851C59000545A73 /* DaySmokeEntity.swift in Sources */,
				173E1A3A28582DFC00EC7AE1 /* ImageUrl.swift in Sources */,
				176B77F52851C49C00545A73 /* DaySmokeManager.swift in Sources */,
				9F206C962848C7E700568D11 /* GetAllSmokeAreaRequestModel.swift in Sources */,
				9F206C982848CA7B00568D11 /* GetAllSmokeAreaResponseModel.swift in Sources */,
				9F84EFC42852A8780040BA43 /* UpdatePostResponseModel.swift in Sources */,
				9F847ACD27F9944A007461FA /* Constants.swift in Sources */,
				9F206C58283D091A00568D11 /* CommunityViewController.swift in Sources */,
				9F2A608C284FCC0600C7A253 /* GetPostReadAllResponseModel.swift in Sources */,
				9F84EFBE28529FCF0040BA43 /* DeletePostRequestModel.swift in Sources */,
				9F84728B27EB123E007461FA /* ViewController.swift in Sources */,
				9F84EFC02852A0770040BA43 /* DeletePostResponseModel.swift in Sources */,
				9F18A5FD2832234800EEF555 /* MapListViewCell.swift in Sources */,
				9F847AC827F98C42007461FA /* SearchLoactionWithAddressRequestModel.swift in Sources */,
				9F2A6071284E9F6900C7A253 /* MapListViewModel.swift in Sources */,
				176B77FB2851D6CD00545A73 /* SmokeAmount.swift in Sources */,
				1787B6B528366B4D0033C534 /* HeaderMyPageTableCell.swift in Sources */,
				9F2A609F2850319800C7A253 /* GetReplyRaedAllResponseModel.swift in Sources */,
				9F84728727EB123E007461FA /* AppDelegate.swift in Sources */,
				1787B6B728371FD70033C534 /* HeaderHomeVC.swift in Sources */,
				17BBDF94285121A5000FF4E3 /* SmokeAmountDataManager.swift in Sources */,
				17056DE72850532700B5CCD0 /* KaKaoEntity.swift in Sources */,
				9F2A60A22850399900C7A253 /* BoardViewModel.swift in Sources */,
				9F847AC627F98B17007461FA /* MapManager.swift in Sources */,
				17F09EA82852AA130051A2D7 /* MonthSmokeEntity.swift in Sources */,
				9F206C7128409ACA00568D11 /* BoardViewController.swift in Sources */,
				17F09EB22852D3290051A2D7 /* FirstSettingViewController.swift in Sources */,
				9F84730927EB43E7007461FA /* TabBarController.swift in Sources */,
				1787B6B328366B140033C534 /* HeaderMyPageVC.swift in Sources */,
				9F84EFB628522D5B0040BA43 /* CreateReplyRequestModel.swift in Sources */,
				9F84728927EB123E007461FA /* SceneDelegate.swift in Sources */,
				9F2A609D28502D8100C7A253 /* GetReplyReadAllRequestModel.swift in Sources */,
				9F2A6099284FF2D200C7A253 /* CreateResponseModel.swift in Sources */,
				9F206C7328409B8500568D11 /* BoardCollectionViewCell.swift in Sources */,
				17BBDF982851221C000FF4E3 /* SmokeAmountEntity.swift in Sources */,
				9F2A608E284FCCEC00C7A253 /* GetPostReadAllRequestModel.swift in Sources */,
				9F17088C28321A25001B4973 /* Map.swift in Sources */,
				1744F0C22857BF6200F6F83F /* HomeEntity.swift in Sources */,
				9F17088928321451001B4973 /* MapListViewController.swift in Sources */,
				175DCE2E28372D4700AE591A /* HeaderNewsVC.swift in Sources */,
			);
			runOnlyForDeploymentPostprocessing = 0;
		};
		9F84729527EB123F007461FA /* Sources */ = {
			isa = PBXSourcesBuildPhase;
			buildActionMask = 2147483647;
			files = (
				9F84729E27EB123F007461FA /* Manner_SmokerTests.swift in Sources */,
			);
			runOnlyForDeploymentPostprocessing = 0;
		};
		9F84729F27EB123F007461FA /* Sources */ = {
			isa = PBXSourcesBuildPhase;
			buildActionMask = 2147483647;
			files = (
				9F8472AA27EB123F007461FA /* Manner_SmokerUITestsLaunchTests.swift in Sources */,
				9F8472A827EB123F007461FA /* Manner_SmokerUITests.swift in Sources */,
			);
			runOnlyForDeploymentPostprocessing = 0;
		};
/* End PBXSourcesBuildPhase section */

/* Begin PBXTargetDependency section */
		9F84729B27EB123F007461FA /* PBXTargetDependency */ = {
			isa = PBXTargetDependency;
			target = 9F84728227EB123E007461FA /* Manner-Smoker */;
			targetProxy = 9F84729A27EB123F007461FA /* PBXContainerItemProxy */;
		};
		9F8472A527EB123F007461FA /* PBXTargetDependency */ = {
			isa = PBXTargetDependency;
			target = 9F84728227EB123E007461FA /* Manner-Smoker */;
			targetProxy = 9F8472A427EB123F007461FA /* PBXContainerItemProxy */;
		};
/* End PBXTargetDependency section */

/* Begin PBXVariantGroup section */
		9F84728C27EB123E007461FA /* Main.storyboard */ = {
			isa = PBXVariantGroup;
			children = (
				9F84728D27EB123E007461FA /* Base */,
			);
			name = Main.storyboard;
			sourceTree = "<group>";
		};
		9F84729127EB123F007461FA /* LaunchScreen.storyboard */ = {
			isa = PBXVariantGroup;
			children = (
				9F84729227EB123F007461FA /* Base */,
			);
			name = LaunchScreen.storyboard;
			sourceTree = "<group>";
		};
/* End PBXVariantGroup section */

/* Begin XCBuildConfiguration section */
		9F8472AB27EB123F007461FA /* Debug */ = {
			isa = XCBuildConfiguration;
			buildSettings = {
				ALWAYS_SEARCH_USER_PATHS = NO;
				CLANG_ANALYZER_NONNULL = YES;
				CLANG_ANALYZER_NUMBER_OBJECT_CONVERSION = YES_AGGRESSIVE;
				CLANG_CXX_LANGUAGE_STANDARD = "gnu++17";
				CLANG_ENABLE_MODULES = YES;
				CLANG_ENABLE_OBJC_ARC = YES;
				CLANG_ENABLE_OBJC_WEAK = YES;
				CLANG_WARN_BLOCK_CAPTURE_AUTORELEASING = YES;
				CLANG_WARN_BOOL_CONVERSION = YES;
				CLANG_WARN_COMMA = YES;
				CLANG_WARN_CONSTANT_CONVERSION = YES;
				CLANG_WARN_DEPRECATED_OBJC_IMPLEMENTATIONS = YES;
				CLANG_WARN_DIRECT_OBJC_ISA_USAGE = YES_ERROR;
				CLANG_WARN_DOCUMENTATION_COMMENTS = YES;
				CLANG_WARN_EMPTY_BODY = YES;
				CLANG_WARN_ENUM_CONVERSION = YES;
				CLANG_WARN_INFINITE_RECURSION = YES;
				CLANG_WARN_INT_CONVERSION = YES;
				CLANG_WARN_NON_LITERAL_NULL_CONVERSION = YES;
				CLANG_WARN_OBJC_IMPLICIT_RETAIN_SELF = YES;
				CLANG_WARN_OBJC_LITERAL_CONVERSION = YES;
				CLANG_WARN_OBJC_ROOT_CLASS = YES_ERROR;
				CLANG_WARN_QUOTED_INCLUDE_IN_FRAMEWORK_HEADER = YES;
				CLANG_WARN_RANGE_LOOP_ANALYSIS = YES;
				CLANG_WARN_STRICT_PROTOTYPES = YES;
				CLANG_WARN_SUSPICIOUS_MOVE = YES;
				CLANG_WARN_UNGUARDED_AVAILABILITY = YES_AGGRESSIVE;
				CLANG_WARN_UNREACHABLE_CODE = YES;
				CLANG_WARN__DUPLICATE_METHOD_MATCH = YES;
				COPY_PHASE_STRIP = NO;
				DEBUG_INFORMATION_FORMAT = dwarf;
				ENABLE_STRICT_OBJC_MSGSEND = YES;
				ENABLE_TESTABILITY = YES;
				"EXCLUDED_ARCHS[sdk=iphonesimulator*]" = arm64;
				GCC_C_LANGUAGE_STANDARD = gnu11;
				GCC_DYNAMIC_NO_PIC = NO;
				GCC_NO_COMMON_BLOCKS = YES;
				GCC_OPTIMIZATION_LEVEL = 0;
				GCC_PREPROCESSOR_DEFINITIONS = (
					"DEBUG=1",
					"$(inherited)",
				);
				GCC_WARN_64_TO_32_BIT_CONVERSION = YES;
				GCC_WARN_ABOUT_RETURN_TYPE = YES_ERROR;
				GCC_WARN_UNDECLARED_SELECTOR = YES;
				GCC_WARN_UNINITIALIZED_AUTOS = YES_AGGRESSIVE;
				GCC_WARN_UNUSED_FUNCTION = YES;
				GCC_WARN_UNUSED_VARIABLE = YES;
				IPHONEOS_DEPLOYMENT_TARGET = 15.5;
				MTL_ENABLE_DEBUG_INFO = INCLUDE_SOURCE;
				MTL_FAST_MATH = YES;
				ONLY_ACTIVE_ARCH = YES;
				SDKROOT = iphoneos;
				SWIFT_ACTIVE_COMPILATION_CONDITIONS = DEBUG;
				SWIFT_OPTIMIZATION_LEVEL = "-Onone";
			};
			name = Debug;
		};
		9F8472AC27EB123F007461FA /* Release */ = {
			isa = XCBuildConfiguration;
			buildSettings = {
				ALWAYS_SEARCH_USER_PATHS = NO;
				CLANG_ANALYZER_NONNULL = YES;
				CLANG_ANALYZER_NUMBER_OBJECT_CONVERSION = YES_AGGRESSIVE;
				CLANG_CXX_LANGUAGE_STANDARD = "gnu++17";
				CLANG_ENABLE_MODULES = YES;
				CLANG_ENABLE_OBJC_ARC = YES;
				CLANG_ENABLE_OBJC_WEAK = YES;
				CLANG_WARN_BLOCK_CAPTURE_AUTORELEASING = YES;
				CLANG_WARN_BOOL_CONVERSION = YES;
				CLANG_WARN_COMMA = YES;
				CLANG_WARN_CONSTANT_CONVERSION = YES;
				CLANG_WARN_DEPRECATED_OBJC_IMPLEMENTATIONS = YES;
				CLANG_WARN_DIRECT_OBJC_ISA_USAGE = YES_ERROR;
				CLANG_WARN_DOCUMENTATION_COMMENTS = YES;
				CLANG_WARN_EMPTY_BODY = YES;
				CLANG_WARN_ENUM_CONVERSION = YES;
				CLANG_WARN_INFINITE_RECURSION = YES;
				CLANG_WARN_INT_CONVERSION = YES;
				CLANG_WARN_NON_LITERAL_NULL_CONVERSION = YES;
				CLANG_WARN_OBJC_IMPLICIT_RETAIN_SELF = YES;
				CLANG_WARN_OBJC_LITERAL_CONVERSION = YES;
				CLANG_WARN_OBJC_ROOT_CLASS = YES_ERROR;
				CLANG_WARN_QUOTED_INCLUDE_IN_FRAMEWORK_HEADER = YES;
				CLANG_WARN_RANGE_LOOP_ANALYSIS = YES;
				CLANG_WARN_STRICT_PROTOTYPES = YES;
				CLANG_WARN_SUSPICIOUS_MOVE = YES;
				CLANG_WARN_UNGUARDED_AVAILABILITY = YES_AGGRESSIVE;
				CLANG_WARN_UNREACHABLE_CODE = YES;
				CLANG_WARN__DUPLICATE_METHOD_MATCH = YES;
				COPY_PHASE_STRIP = NO;
				DEBUG_INFORMATION_FORMAT = "dwarf-with-dsym";
				ENABLE_NS_ASSERTIONS = NO;
				ENABLE_STRICT_OBJC_MSGSEND = YES;
				"EXCLUDED_ARCHS[sdk=iphonesimulator*]" = arm64;
				GCC_C_LANGUAGE_STANDARD = gnu11;
				GCC_NO_COMMON_BLOCKS = YES;
				GCC_WARN_64_TO_32_BIT_CONVERSION = YES;
				GCC_WARN_ABOUT_RETURN_TYPE = YES_ERROR;
				GCC_WARN_UNDECLARED_SELECTOR = YES;
				GCC_WARN_UNINITIALIZED_AUTOS = YES_AGGRESSIVE;
				GCC_WARN_UNUSED_FUNCTION = YES;
				GCC_WARN_UNUSED_VARIABLE = YES;
				IPHONEOS_DEPLOYMENT_TARGET = 15.5;
				MTL_ENABLE_DEBUG_INFO = NO;
				MTL_FAST_MATH = YES;
				ONLY_ACTIVE_ARCH = NO;
				SDKROOT = iphoneos;
				SWIFT_COMPILATION_MODE = wholemodule;
				SWIFT_OPTIMIZATION_LEVEL = "-O";
				VALIDATE_PRODUCT = YES;
			};
			name = Release;
		};
		9F8472AE27EB123F007461FA /* Debug */ = {
			isa = XCBuildConfiguration;
			baseConfigurationReference = 0DE48839540DDC030D6C541A /* Pods-Manner-Smoker.debug.xcconfig */;
			buildSettings = {
				ASSETCATALOG_COMPILER_APPICON_NAME = AppIcon;
				ASSETCATALOG_COMPILER_GLOBAL_ACCENT_COLOR_NAME = AccentColor;
				CLANG_ENABLE_OBJC_ARC = NO;
				CODE_SIGN_IDENTITY = "Apple Development";
				CODE_SIGN_STYLE = Automatic;
				CURRENT_PROJECT_VERSION = 1;
				DEVELOPMENT_TEAM = 932AKUPJM7;
				"EXCLUDED_ARCHS[sdk=iphonesimulator*]" = arm64;
				FRAMEWORK_SEARCH_PATHS = (
					"$(inherited)",
					"$(PROJECT_DIR)/Manner-SmokerUITests/IOS_DaumMap_SDK_1.4.0/lib/DaumMap.embeddedframework",
					"$(PROJECT_DIR)/Manner-Smoker/IOS_DaumMap_SDK_1.4.0/lib/DaumMap.embeddedframework",
					"$(PROJECT_DIR)/DaumMap.embeddedframework",
					"$(PROJECT_DIR)/Manner-Smoker/DaumMap.embeddedframework",
					"$(PROJECT_DIR)/Manner-Smoker",
					"$(PROJECT_DIR)",
				);
				GENERATE_INFOPLIST_FILE = YES;
				INFOPLIST_FILE = "Manner-Smoker/Info.plist";
				INFOPLIST_KEY_CFBundleDisplayName = "Manner-Smoker";
				INFOPLIST_KEY_NSLocationWhenInUseUsageDescription = "현재 위치를 알고 싶어요!";
				INFOPLIST_KEY_UIApplicationSupportsIndirectInputEvents = YES;
				INFOPLIST_KEY_UILaunchStoryboardName = LaunchScreen;
				INFOPLIST_KEY_UIMainStoryboardFile = HeaderLogin;
				INFOPLIST_KEY_UISupportedInterfaceOrientations_iPad = "UIInterfaceOrientationPortrait UIInterfaceOrientationPortraitUpsideDown UIInterfaceOrientationLandscapeLeft UIInterfaceOrientationLandscapeRight";
				INFOPLIST_KEY_UISupportedInterfaceOrientations_iPhone = "UIInterfaceOrientationPortrait UIInterfaceOrientationLandscapeLeft UIInterfaceOrientationLandscapeRight";
				IPHONEOS_DEPLOYMENT_TARGET = 15.4;
				LD_RUNPATH_SEARCH_PATHS = (
					"$(inherited)",
					"@executable_path/Frameworks",
				);
				MARKETING_VERSION = 1.0;
				ONLY_ACTIVE_ARCH = YES;
				PRODUCT_BUNDLE_IDENTIFIER = com.ryuhyeonjin.MannerSmoker;
				PRODUCT_NAME = "$(TARGET_NAME)";
				PROVISIONING_PROFILE_SPECIFIER = "";
				SWIFT_EMIT_LOC_STRINGS = YES;
				SWIFT_OBJC_BRIDGING_HEADER = "/Users/ryuhyeonjin/Desktop/swift/ios/manner-smoker-map/manner-smoker/Manner-Smoker/Manner-Smoker/Kakao-Map-Bridge-Header.h";
				SWIFT_VERSION = 5.0;
				TARGETED_DEVICE_FAMILY = "1,2";
			};
			name = Debug;
		};
		9F8472AF27EB123F007461FA /* Release */ = {
			isa = XCBuildConfiguration;
			baseConfigurationReference = F73AD3A7F895AA7068CBF328 /* Pods-Manner-Smoker.release.xcconfig */;
			buildSettings = {
				ASSETCATALOG_COMPILER_APPICON_NAME = AppIcon;
				ASSETCATALOG_COMPILER_GLOBAL_ACCENT_COLOR_NAME = AccentColor;
				CLANG_ENABLE_OBJC_ARC = NO;
				CODE_SIGN_IDENTITY = "Apple Development";
				CODE_SIGN_STYLE = Automatic;
				CURRENT_PROJECT_VERSION = 1;
				DEVELOPMENT_TEAM = 932AKUPJM7;
				"EXCLUDED_ARCHS[sdk=iphonesimulator*]" = arm64;
				FRAMEWORK_SEARCH_PATHS = (
					"$(inherited)",
					"$(PROJECT_DIR)/Manner-SmokerUITests/IOS_DaumMap_SDK_1.4.0/lib/DaumMap.embeddedframework",
					"$(PROJECT_DIR)/Manner-Smoker/IOS_DaumMap_SDK_1.4.0/lib/DaumMap.embeddedframework",
					"$(PROJECT_DIR)/DaumMap.embeddedframework",
					"$(PROJECT_DIR)/Manner-Smoker/DaumMap.embeddedframework",
					"$(PROJECT_DIR)/Manner-Smoker",
					"$(PROJECT_DIR)",
				);
				GENERATE_INFOPLIST_FILE = YES;
				INFOPLIST_FILE = "Manner-Smoker/Info.plist";
				INFOPLIST_KEY_CFBundleDisplayName = "Manner-Smoker";
				INFOPLIST_KEY_NSLocationWhenInUseUsageDescription = "현재 위치를 알고 싶어요!";
				INFOPLIST_KEY_UIApplicationSupportsIndirectInputEvents = YES;
				INFOPLIST_KEY_UILaunchStoryboardName = LaunchScreen;
				INFOPLIST_KEY_UIMainStoryboardFile = HeaderLogin;
				INFOPLIST_KEY_UISupportedInterfaceOrientations_iPad = "UIInterfaceOrientationPortrait UIInterfaceOrientationPortraitUpsideDown UIInterfaceOrientationLandscapeLeft UIInterfaceOrientationLandscapeRight";
				INFOPLIST_KEY_UISupportedInterfaceOrientations_iPhone = "UIInterfaceOrientationPortrait UIInterfaceOrientationLandscapeLeft UIInterfaceOrientationLandscapeRight";
				IPHONEOS_DEPLOYMENT_TARGET = 15.4;
				LD_RUNPATH_SEARCH_PATHS = (
					"$(inherited)",
					"@executable_path/Frameworks",
				);
				MARKETING_VERSION = 1.0;
				ONLY_ACTIVE_ARCH = YES;
				PRODUCT_BUNDLE_IDENTIFIER = com.ryuhyeonjin.MannerSmoker;
				PRODUCT_NAME = "$(TARGET_NAME)";
				PROVISIONING_PROFILE_SPECIFIER = "";
				SWIFT_EMIT_LOC_STRINGS = YES;
				SWIFT_OBJC_BRIDGING_HEADER = "/Users/ryuhyeonjin/Desktop/swift/ios/manner-smoker-map/manner-smoker/Manner-Smoker/Manner-Smoker/Kakao-Map-Bridge-Header.h";
				SWIFT_VERSION = 5.0;
				TARGETED_DEVICE_FAMILY = "1,2";
			};
			name = Release;
		};
		9F8472B127EB123F007461FA /* Debug */ = {
			isa = XCBuildConfiguration;
			baseConfigurationReference = 99F89CD0B9FAD3644E3C4F65 /* Pods-Manner-SmokerTests.debug.xcconfig */;
			buildSettings = {
				ALWAYS_EMBED_SWIFT_STANDARD_LIBRARIES = YES;
				BUNDLE_LOADER = "$(TEST_HOST)";
				CODE_SIGN_STYLE = Automatic;
				CURRENT_PROJECT_VERSION = 1;
				DEVELOPMENT_TEAM = 932AKUPJM7;
				GENERATE_INFOPLIST_FILE = YES;
				IPHONEOS_DEPLOYMENT_TARGET = 15.4;
				MARKETING_VERSION = 1.0;
				PRODUCT_BUNDLE_IDENTIFIER = "ryuhyeonjin.Manner-SmokerTests";
				PRODUCT_NAME = "$(TARGET_NAME)";
				SWIFT_EMIT_LOC_STRINGS = NO;
				SWIFT_VERSION = 5.0;
				TARGETED_DEVICE_FAMILY = "1,2";
				TEST_HOST = "$(BUILT_PRODUCTS_DIR)/Manner-Smoker.app/Manner-Smoker";
			};
			name = Debug;
		};
		9F8472B227EB123F007461FA /* Release */ = {
			isa = XCBuildConfiguration;
			baseConfigurationReference = 141D10CE97E9A0D582413A65 /* Pods-Manner-SmokerTests.release.xcconfig */;
			buildSettings = {
				ALWAYS_EMBED_SWIFT_STANDARD_LIBRARIES = YES;
				BUNDLE_LOADER = "$(TEST_HOST)";
				CODE_SIGN_STYLE = Automatic;
				CURRENT_PROJECT_VERSION = 1;
				DEVELOPMENT_TEAM = 932AKUPJM7;
				GENERATE_INFOPLIST_FILE = YES;
				IPHONEOS_DEPLOYMENT_TARGET = 15.4;
				MARKETING_VERSION = 1.0;
				PRODUCT_BUNDLE_IDENTIFIER = "ryuhyeonjin.Manner-SmokerTests";
				PRODUCT_NAME = "$(TARGET_NAME)";
				SWIFT_EMIT_LOC_STRINGS = NO;
				SWIFT_VERSION = 5.0;
				TARGETED_DEVICE_FAMILY = "1,2";
				TEST_HOST = "$(BUILT_PRODUCTS_DIR)/Manner-Smoker.app/Manner-Smoker";
			};
			name = Release;
		};
		9F8472B427EB123F007461FA /* Debug */ = {
			isa = XCBuildConfiguration;
			baseConfigurationReference = EAF4624064C6FDE9D7C39CB1 /* Pods-Manner-Smoker-Manner-SmokerUITests.debug.xcconfig */;
			buildSettings = {
				ALWAYS_EMBED_SWIFT_STANDARD_LIBRARIES = YES;
				CODE_SIGN_STYLE = Automatic;
				CURRENT_PROJECT_VERSION = 1;
				DEVELOPMENT_TEAM = 932AKUPJM7;
				GENERATE_INFOPLIST_FILE = YES;
				MARKETING_VERSION = 1.0;
				PRODUCT_BUNDLE_IDENTIFIER = "ryuhyeonjin.Manner-SmokerUITests";
				PRODUCT_NAME = "$(TARGET_NAME)";
				SWIFT_EMIT_LOC_STRINGS = NO;
				SWIFT_VERSION = 5.0;
				TARGETED_DEVICE_FAMILY = "1,2";
				TEST_TARGET_NAME = "Manner-Smoker";
			};
			name = Debug;
		};
		9F8472B527EB123F007461FA /* Release */ = {
			isa = XCBuildConfiguration;
			baseConfigurationReference = 0A39028D3BD1C3C5372CCCD5 /* Pods-Manner-Smoker-Manner-SmokerUITests.release.xcconfig */;
			buildSettings = {
				ALWAYS_EMBED_SWIFT_STANDARD_LIBRARIES = YES;
				CODE_SIGN_STYLE = Automatic;
				CURRENT_PROJECT_VERSION = 1;
				DEVELOPMENT_TEAM = 932AKUPJM7;
				GENERATE_INFOPLIST_FILE = YES;
				MARKETING_VERSION = 1.0;
				PRODUCT_BUNDLE_IDENTIFIER = "ryuhyeonjin.Manner-SmokerUITests";
				PRODUCT_NAME = "$(TARGET_NAME)";
				SWIFT_EMIT_LOC_STRINGS = NO;
				SWIFT_VERSION = 5.0;
				TARGETED_DEVICE_FAMILY = "1,2";
				TEST_TARGET_NAME = "Manner-Smoker";
			};
			name = Release;
		};
/* End XCBuildConfiguration section */

/* Begin XCConfigurationList section */
		9F84727E27EB123E007461FA /* Build configuration list for PBXProject "Manner-Smoker" */ = {
			isa = XCConfigurationList;
			buildConfigurations = (
				9F8472AB27EB123F007461FA /* Debug */,
				9F8472AC27EB123F007461FA /* Release */,
			);
			defaultConfigurationIsVisible = 0;
			defaultConfigurationName = Release;
		};
		9F8472AD27EB123F007461FA /* Build configuration list for PBXNativeTarget "Manner-Smoker" */ = {
			isa = XCConfigurationList;
			buildConfigurations = (
				9F8472AE27EB123F007461FA /* Debug */,
				9F8472AF27EB123F007461FA /* Release */,
			);
			defaultConfigurationIsVisible = 0;
			defaultConfigurationName = Release;
		};
		9F8472B027EB123F007461FA /* Build configuration list for PBXNativeTarget "Manner-SmokerTests" */ = {
			isa = XCConfigurationList;
			buildConfigurations = (
				9F8472B127EB123F007461FA /* Debug */,
				9F8472B227EB123F007461FA /* Release */,
			);
			defaultConfigurationIsVisible = 0;
			defaultConfigurationName = Release;
		};
		9F8472B327EB123F007461FA /* Build configuration list for PBXNativeTarget "Manner-SmokerUITests" */ = {
			isa = XCConfigurationList;
			buildConfigurations = (
				9F8472B427EB123F007461FA /* Debug */,
				9F8472B527EB123F007461FA /* Release */,
			);
			defaultConfigurationIsVisible = 0;
			defaultConfigurationName = Release;
		};
/* End XCConfigurationList section */
	};
	rootObject = 9F84727B27EB123E007461FA /* Project object */;
}
